// !$*UTF8*$!
{
	archiveVersion = 1;
	classes = {
	};
	objectVersion = 46;
	objects = {

/* Begin PBXBuildFile section */
		42485D771F7102400033FF5F /* Foods.swift in Sources */ = {isa = PBXBuildFile; fileRef = 42485D761F7102400033FF5F /* Foods.swift */; };
		42C054671F70F8020006B2EC /* RatingStarControl.swift in Sources */ = {isa = PBXBuildFile; fileRef = 42C054661F70F8020006B2EC /* RatingStarControl.swift */; };
		42E41C091F6FAB2400702EF7 /* AppDelegate.swift in Sources */ = {isa = PBXBuildFile; fileRef = 42E41C081F6FAB2400702EF7 /* AppDelegate.swift */; };
		42E41C0B1F6FAB2400702EF7 /* ViewController.swift in Sources */ = {isa = PBXBuildFile; fileRef = 42E41C0A1F6FAB2400702EF7 /* ViewController.swift */; };
		42E41C0E1F6FAB2400702EF7 /* Main.storyboard in Resources */ = {isa = PBXBuildFile; fileRef = 42E41C0C1F6FAB2400702EF7 /* Main.storyboard */; };
		42E41C101F6FAB2400702EF7 /* Assets.xcassets in Resources */ = {isa = PBXBuildFile; fileRef = 42E41C0F1F6FAB2400702EF7 /* Assets.xcassets */; };
		42E41C131F6FAB2400702EF7 /* LaunchScreen.storyboard in Resources */ = {isa = PBXBuildFile; fileRef = 42E41C111F6FAB2400702EF7 /* LaunchScreen.storyboard */; };
		42E41C1E1F6FAB2400702EF7 /* FoodyTrackerTests.swift in Sources */ = {isa = PBXBuildFile; fileRef = 42E41C1D1F6FAB2400702EF7 /* FoodyTrackerTests.swift */; };
		42E41C291F6FAB2400702EF7 /* FoodyTrackerUITests.swift in Sources */ = {isa = PBXBuildFile; fileRef = 42E41C281F6FAB2400702EF7 /* FoodyTrackerUITests.swift */; };
		42E41C371F6FB5C800702EF7 /* ItemDetailVC.swift in Sources */ = {isa = PBXBuildFile; fileRef = 42E41C361F6FB5C800702EF7 /* ItemDetailVC.swift */; };
		42E41C391F6FB8F200702EF7 /* ItemCell.swift in Sources */ = {isa = PBXBuildFile; fileRef = 42E41C381F6FB8F200702EF7 /* ItemCell.swift */; };
/* End PBXBuildFile section */

/* Begin PBXContainerItemProxy section */
		42E41C1A1F6FAB2400702EF7 /* PBXContainerItemProxy */ = {
			isa = PBXContainerItemProxy;
			containerPortal = 42E41BFD1F6FAB2400702EF7 /* Project object */;
			proxyType = 1;
			remoteGlobalIDString = 42E41C041F6FAB2400702EF7;
			remoteInfo = FoodyTracker;
		};
		42E41C251F6FAB2400702EF7 /* PBXContainerItemProxy */ = {
			isa = PBXContainerItemProxy;
			containerPortal = 42E41BFD1F6FAB2400702EF7 /* Project object */;
			proxyType = 1;
			remoteGlobalIDString = 42E41C041F6FAB2400702EF7;
			remoteInfo = FoodyTracker;
		};
/* End PBXContainerItemProxy section */

/* Begin PBXFileReference section */
		42485D761F7102400033FF5F /* Foods.swift */ = {isa = PBXFileReference; fileEncoding = 4; lastKnownFileType = sourcecode.swift; path = Foods.swift; sourceTree = "<group>"; };
		42C054661F70F8020006B2EC /* RatingStarControl.swift */ = {isa = PBXFileReference; fileEncoding = 4; lastKnownFileType = sourcecode.swift; path = RatingStarControl.swift; sourceTree = "<group>"; };
		42E41C051F6FAB2400702EF7 /* FoodyTracker.app */ = {isa = PBXFileReference; explicitFileType = wrapper.application; includeInIndex = 0; path = FoodyTracker.app; sourceTree = BUILT_PRODUCTS_DIR; };
		42E41C081F6FAB2400702EF7 /* AppDelegate.swift */ = {isa = PBXFileReference; lastKnownFileType = sourcecode.swift; path = AppDelegate.swift; sourceTree = "<group>"; };
		42E41C0A1F6FAB2400702EF7 /* ViewController.swift */ = {isa = PBXFileReference; lastKnownFileType = sourcecode.swift; path = ViewController.swift; sourceTree = "<group>"; };
		42E41C0D1F6FAB2400702EF7 /* Base */ = {isa = PBXFileReference; lastKnownFileType = file.storyboard; name = Base; path = Base.lproj/Main.storyboard; sourceTree = "<group>"; };
		42E41C0F1F6FAB2400702EF7 /* Assets.xcassets */ = {isa = PBXFileReference; lastKnownFileType = folder.assetcatalog; path = Assets.xcassets; sourceTree = "<group>"; };
		42E41C121F6FAB2400702EF7 /* Base */ = {isa = PBXFileReference; lastKnownFileType = file.storyboard; name = Base; path = Base.lproj/LaunchScreen.storyboard; sourceTree = "<group>"; };
		42E41C141F6FAB2400702EF7 /* Info.plist */ = {isa = PBXFileReference; lastKnownFileType = text.plist.xml; path = Info.plist; sourceTree = "<group>"; };
		42E41C191F6FAB2400702EF7 /* FoodyTrackerTests.xctest */ = {isa = PBXFileReference; explicitFileType = wrapper.cfbundle; includeInIndex = 0; path = FoodyTrackerTests.xctest; sourceTree = BUILT_PRODUCTS_DIR; };
		42E41C1D1F6FAB2400702EF7 /* FoodyTrackerTests.swift */ = {isa = PBXFileReference; lastKnownFileType = sourcecode.swift; path = FoodyTrackerTests.swift; sourceTree = "<group>"; };
		42E41C1F1F6FAB2400702EF7 /* Info.plist */ = {isa = PBXFileReference; lastKnownFileType = text.plist.xml; path = Info.plist; sourceTree = "<group>"; };
		42E41C241F6FAB2400702EF7 /* FoodyTrackerUITests.xctest */ = {isa = PBXFileReference; explicitFileType = wrapper.cfbundle; includeInIndex = 0; path = FoodyTrackerUITests.xctest; sourceTree = BUILT_PRODUCTS_DIR; };
		42E41C281F6FAB2400702EF7 /* FoodyTrackerUITests.swift */ = {isa = PBXFileReference; lastKnownFileType = sourcecode.swift; path = FoodyTrackerUITests.swift; sourceTree = "<group>"; };
		42E41C2A1F6FAB2400702EF7 /* Info.plist */ = {isa = PBXFileReference; lastKnownFileType = text.plist.xml; path = Info.plist; sourceTree = "<group>"; };
		42E41C361F6FB5C800702EF7 /* ItemDetailVC.swift */ = {isa = PBXFileReference; fileEncoding = 4; lastKnownFileType = sourcecode.swift; path = ItemDetailVC.swift; sourceTree = "<group>"; };
		42E41C381F6FB8F200702EF7 /* ItemCell.swift */ = {isa = PBXFileReference; fileEncoding = 4; lastKnownFileType = sourcecode.swift; path = ItemCell.swift; sourceTree = "<group>"; };
/* End PBXFileReference section */

/* Begin PBXFrameworksBuildPhase section */
		42E41C021F6FAB2400702EF7 /* Frameworks */ = {
			isa = PBXFrameworksBuildPhase;
			buildActionMask = 2147483647;
			files = (
			);
			runOnlyForDeploymentPostprocessing = 0;
		};
		42E41C161F6FAB2400702EF7 /* Frameworks */ = {
			isa = PBXFrameworksBuildPhase;
			buildActionMask = 2147483647;
			files = (
			);
			runOnlyForDeploymentPostprocessing = 0;
		};
		42E41C211F6FAB2400702EF7 /* Frameworks */ = {
			isa = PBXFrameworksBuildPhase;
			buildActionMask = 2147483647;
			files = (
			);
			runOnlyForDeploymentPostprocessing = 0;
		};
/* End PBXFrameworksBuildPhase section */

/* Begin PBXGroup section */
		4275453D1F742C8E003A72CF /* Model */ = {
			isa = PBXGroup;
			children = (
				42485D761F7102400033FF5F /* Foods.swift */,
			);
			path = Model;
			sourceTree = "<group>";
		};
		4275453E1F742C95003A72CF /* View */ = {
			isa = PBXGroup;
			children = (
				42C054661F70F8020006B2EC /* RatingStarControl.swift */,
			);
			path = View;
			sourceTree = "<group>";
		};
		4275453F1F742C99003A72CF /* Controller */ = {
			isa = PBXGroup;
			children = (
				42E41C0A1F6FAB2400702EF7 /* ViewController.swift */,
				42E41C361F6FB5C800702EF7 /* ItemDetailVC.swift */,
				42E41C381F6FB8F200702EF7 /* ItemCell.swift */,
			);
			path = Controller;
			sourceTree = "<group>";
		};
		427545401F742CB6003A72CF /* Storyboard */ = {
			isa = PBXGroup;
			children = (
				42E41C111F6FAB2400702EF7 /* LaunchScreen.storyboard */,
				42E41C0C1F6FAB2400702EF7 /* Main.storyboard */,
			);
			path = Storyboard;
			sourceTree = "<group>";
		};
		42E41BFC1F6FAB2400702EF7 = {
			isa = PBXGroup;
			children = (
				42E41C071F6FAB2400702EF7 /* FoodyTracker */,
				42E41C1C1F6FAB2400702EF7 /* FoodyTrackerTests */,
				42E41C271F6FAB2400702EF7 /* FoodyTrackerUITests */,
				42E41C061F6FAB2400702EF7 /* Products */,
			);
			sourceTree = "<group>";
		};
		42E41C061F6FAB2400702EF7 /* Products */ = {
			isa = PBXGroup;
			children = (
				42E41C051F6FAB2400702EF7 /* FoodyTracker.app */,
				42E41C191F6FAB2400702EF7 /* FoodyTrackerTests.xctest */,
				42E41C241F6FAB2400702EF7 /* FoodyTrackerUITests.xctest */,
			);
			name = Products;
			sourceTree = "<group>";
		};
		42E41C071F6FAB2400702EF7 /* FoodyTracker */ = {
			isa = PBXGroup;
			children = (
				42E41C081F6FAB2400702EF7 /* AppDelegate.swift */,
				427545401F742CB6003A72CF /* Storyboard */,
				4275453F1F742C99003A72CF /* Controller */,
				4275453E1F742C95003A72CF /* View */,
				4275453D1F742C8E003A72CF /* Model */,
				42E41C0F1F6FAB2400702EF7 /* Assets.xcassets */,
				42E41C141F6FAB2400702EF7 /* Info.plist */,
			);
			path = FoodyTracker;
			sourceTree = "<group>";
		};
		42E41C1C1F6FAB2400702EF7 /* FoodyTrackerTests */ = {
			isa = PBXGroup;
			children = (
				42E41C1D1F6FAB2400702EF7 /* FoodyTrackerTests.swift */,
				42E41C1F1F6FAB2400702EF7 /* Info.plist */,
			);
			path = FoodyTrackerTests;
			sourceTree = "<group>";
		};
		42E41C271F6FAB2400702EF7 /* FoodyTrackerUITests */ = {
			isa = PBXGroup;
			children = (
				42E41C281F6FAB2400702EF7 /* FoodyTrackerUITests.swift */,
				42E41C2A1F6FAB2400702EF7 /* Info.plist */,
			);
			path = FoodyTrackerUITests;
			sourceTree = "<group>";
		};
/* End PBXGroup section */

/* Begin PBXNativeTarget section */
		42E41C041F6FAB2400702EF7 /* FoodyTracker */ = {
			isa = PBXNativeTarget;
			buildConfigurationList = 42E41C2D1F6FAB2400702EF7 /* Build configuration list for PBXNativeTarget "FoodyTracker" */;
			buildPhases = (
				42E41C011F6FAB2400702EF7 /* Sources */,
				42E41C021F6FAB2400702EF7 /* Frameworks */,
				42E41C031F6FAB2400702EF7 /* Resources */,
			);
			buildRules = (
			);
			dependencies = (
			);
			name = FoodyTracker;
			productName = FoodyTracker;
			productReference = 42E41C051F6FAB2400702EF7 /* FoodyTracker.app */;
			productType = "com.apple.product-type.application";
		};
		42E41C181F6FAB2400702EF7 /* FoodyTrackerTests */ = {
			isa = PBXNativeTarget;
			buildConfigurationList = 42E41C301F6FAB2400702EF7 /* Build configuration list for PBXNativeTarget "FoodyTrackerTests" */;
			buildPhases = (
				42E41C151F6FAB2400702EF7 /* Sources */,
				42E41C161F6FAB2400702EF7 /* Frameworks */,
				42E41C171F6FAB2400702EF7 /* Resources */,
			);
			buildRules = (
			);
			dependencies = (
				42E41C1B1F6FAB2400702EF7 /* PBXTargetDependency */,
			);
			name = FoodyTrackerTests;
			productName = FoodyTrackerTests;
			productReference = 42E41C191F6FAB2400702EF7 /* FoodyTrackerTests.xctest */;
			productType = "com.apple.product-type.bundle.unit-test";
		};
		42E41C231F6FAB2400702EF7 /* FoodyTrackerUITests */ = {
			isa = PBXNativeTarget;
			buildConfigurationList = 42E41C331F6FAB2400702EF7 /* Build configuration list for PBXNativeTarget "FoodyTrackerUITests" */;
			buildPhases = (
				42E41C201F6FAB2400702EF7 /* Sources */,
				42E41C211F6FAB2400702EF7 /* Frameworks */,
				42E41C221F6FAB2400702EF7 /* Resources */,
			);
			buildRules = (
			);
			dependencies = (
				42E41C261F6FAB2400702EF7 /* PBXTargetDependency */,
			);
			name = FoodyTrackerUITests;
			productName = FoodyTrackerUITests;
			productReference = 42E41C241F6FAB2400702EF7 /* FoodyTrackerUITests.xctest */;
			productType = "com.apple.product-type.bundle.ui-testing";
		};
/* End PBXNativeTarget section */

/* Begin PBXProject section */
		42E41BFD1F6FAB2400702EF7 /* Project object */ = {
			isa = PBXProject;
			attributes = {
				LastSwiftUpdateCheck = 0830;
				LastUpgradeCheck = 0900;
				ORGANIZATIONNAME = HHumorous;
				TargetAttributes = {
					42E41C041F6FAB2400702EF7 = {
						CreatedOnToolsVersion = 8.3.3;
						DevelopmentTeam = 2UKZEPM7R9;
						LastSwiftMigration = 0900;
						ProvisioningStyle = Automatic;
					};
					42E41C181F6FAB2400702EF7 = {
						CreatedOnToolsVersion = 8.3.3;
						DevelopmentTeam = 2UKZEPM7R9;
						LastSwiftMigration = 0900;
						ProvisioningStyle = Automatic;
						TestTargetID = 42E41C041F6FAB2400702EF7;
					};
					42E41C231F6FAB2400702EF7 = {
						CreatedOnToolsVersion = 8.3.3;
						DevelopmentTeam = 2UKZEPM7R9;
						LastSwiftMigration = 0900;
						ProvisioningStyle = Automatic;
						TestTargetID = 42E41C041F6FAB2400702EF7;
					};
				};
			};
			buildConfigurationList = 42E41C001F6FAB2400702EF7 /* Build configuration list for PBXProject "FoodyTracker" */;
			compatibilityVersion = "Xcode 3.2";
			developmentRegion = English;
			hasScannedForEncodings = 0;
			knownRegions = (
				en,
				Base,
			);
			mainGroup = 42E41BFC1F6FAB2400702EF7;
			productRefGroup = 42E41C061F6FAB2400702EF7 /* Products */;
			projectDirPath = "";
			projectRoot = "";
			targets = (
				42E41C041F6FAB2400702EF7 /* FoodyTracker */,
				42E41C181F6FAB2400702EF7 /* FoodyTrackerTests */,
				42E41C231F6FAB2400702EF7 /* FoodyTrackerUITests */,
			);
		};
/* End PBXProject section */

/* Begin PBXResourcesBuildPhase section */
		42E41C031F6FAB2400702EF7 /* Resources */ = {
			isa = PBXResourcesBuildPhase;
			buildActionMask = 2147483647;
			files = (
				42E41C131F6FAB2400702EF7 /* LaunchScreen.storyboard in Resources */,
				42E41C101F6FAB2400702EF7 /* Assets.xcassets in Resources */,
				42E41C0E1F6FAB2400702EF7 /* Main.storyboard in Resources */,
			);
			runOnlyForDeploymentPostprocessing = 0;
		};
		42E41C171F6FAB2400702EF7 /* Resources */ = {
			isa = PBXResourcesBuildPhase;
			buildActionMask = 2147483647;
			files = (
			);
			runOnlyForDeploymentPostprocessing = 0;
		};
		42E41C221F6FAB2400702EF7 /* Resources */ = {
			isa = PBXResourcesBuildPhase;
			buildActionMask = 2147483647;
			files = (
			);
			runOnlyForDeploymentPostprocessing = 0;
		};
/* End PBXResourcesBuildPhase section */

/* Begin PBXSourcesBuildPhase section */
		42E41C011F6FAB2400702EF7 /* Sources */ = {
			isa = PBXSourcesBuildPhase;
			buildActionMask = 2147483647;
			files = (
				42E41C391F6FB8F200702EF7 /* ItemCell.swift in Sources */,
				42E41C0B1F6FAB2400702EF7 /* ViewController.swift in Sources */,
				42E41C371F6FB5C800702EF7 /* ItemDetailVC.swift in Sources */,
				42485D771F7102400033FF5F /* Foods.swift in Sources */,
				42E41C091F6FAB2400702EF7 /* AppDelegate.swift in Sources */,
				42C054671F70F8020006B2EC /* RatingStarControl.swift in Sources */,
			);
			runOnlyForDeploymentPostprocessing = 0;
		};
		42E41C151F6FAB2400702EF7 /* Sources */ = {
			isa = PBXSourcesBuildPhase;
			buildActionMask = 2147483647;
			files = (
				42E41C1E1F6FAB2400702EF7 /* FoodyTrackerTests.swift in Sources */,
			);
			runOnlyForDeploymentPostprocessing = 0;
		};
		42E41C201F6FAB2400702EF7 /* Sources */ = {
			isa = PBXSourcesBuildPhase;
			buildActionMask = 2147483647;
			files = (
				42E41C291F6FAB2400702EF7 /* FoodyTrackerUITests.swift in Sources */,
			);
			runOnlyForDeploymentPostprocessing = 0;
		};
/* End PBXSourcesBuildPhase section */

/* Begin PBXTargetDependency section */
		42E41C1B1F6FAB2400702EF7 /* PBXTargetDependency */ = {
			isa = PBXTargetDependency;
			target = 42E41C041F6FAB2400702EF7 /* FoodyTracker */;
			targetProxy = 42E41C1A1F6FAB2400702EF7 /* PBXContainerItemProxy */;
		};
		42E41C261F6FAB2400702EF7 /* PBXTargetDependency */ = {
			isa = PBXTargetDependency;
			target = 42E41C041F6FAB2400702EF7 /* FoodyTracker */;
			targetProxy = 42E41C251F6FAB2400702EF7 /* PBXContainerItemProxy */;
		};
/* End PBXTargetDependency section */

/* Begin PBXVariantGroup section */
		42E41C0C1F6FAB2400702EF7 /* Main.storyboard */ = {
			isa = PBXVariantGroup;
			children = (
				42E41C0D1F6FAB2400702EF7 /* Base */,
			);
			name = Main.storyboard;
			sourceTree = "<group>";
		};
		42E41C111F6FAB2400702EF7 /* LaunchScreen.storyboard */ = {
			isa = PBXVariantGroup;
			children = (
				42E41C121F6FAB2400702EF7 /* Base */,
			);
			name = LaunchScreen.storyboard;
			sourceTree = "<group>";
		};
/* End PBXVariantGroup section */

/* Begin XCBuildConfiguration section */
		42E41C2B1F6FAB2400702EF7 /* Debug */ = {
			isa = XCBuildConfiguration;
			buildSettings = {
				ALWAYS_SEARCH_USER_PATHS = NO;
				CLANG_ANALYZER_NONNULL = YES;
				CLANG_ANALYZER_NUMBER_OBJECT_CONVERSION = YES_AGGRESSIVE;
				CLANG_CXX_LANGUAGE_STANDARD = "gnu++0x";
				CLANG_CXX_LIBRARY = "libc++";
				CLANG_ENABLE_MODULES = YES;
				CLANG_ENABLE_OBJC_ARC = YES;
				CLANG_WARN_BLOCK_CAPTURE_AUTORELEASING = YES;
				CLANG_WARN_BOOL_CONVERSION = YES;
				CLANG_WARN_COMMA = YES;
				CLANG_WARN_CONSTANT_CONVERSION = YES;
				CLANG_WARN_DIRECT_OBJC_ISA_USAGE = YES_ERROR;
				CLANG_WARN_DOCUMENTATION_COMMENTS = YES;
				CLANG_WARN_EMPTY_BODY = YES;
				CLANG_WARN_ENUM_CONVERSION = YES;
				CLANG_WARN_INFINITE_RECURSION = YES;
				CLANG_WARN_INT_CONVERSION = YES;
				CLANG_WARN_NON_LITERAL_NULL_CONVERSION = YES;
				CLANG_WARN_OBJC_LITERAL_CONVERSION = YES;
				CLANG_WARN_OBJC_ROOT_CLASS = YES_ERROR;
				CLANG_WARN_RANGE_LOOP_ANALYSIS = YES;
				CLANG_WARN_STRICT_PROTOTYPES = YES;
				CLANG_WARN_SUSPICIOUS_MOVE = YES;
				CLANG_WARN_UNREACHABLE_CODE = YES;
				CLANG_WARN__DUPLICATE_METHOD_MATCH = YES;
				"CODE_SIGN_IDENTITY[sdk=iphoneos*]" = "iPhone Developer";
				COPY_PHASE_STRIP = NO;
				DEBUG_INFORMATION_FORMAT = dwarf;
				ENABLE_STRICT_OBJC_MSGSEND = YES;
				ENABLE_TESTABILITY = YES;
				GCC_C_LANGUAGE_STANDARD = gnu99;
				GCC_DYNAMIC_NO_PIC = NO;
				GCC_NO_COMMON_BLOCKS = YES;
				GCC_OPTIMIZATION_LEVEL = 0;
				GCC_PREPROCESSOR_DEFINITIONS = (
					"DEBUG=1",
					"$(inherited)",
				);
				GCC_WARN_64_TO_32_BIT_CONVERSION = YES;
				GCC_WARN_ABOUT_RETURN_TYPE = YES_ERROR;
				GCC_WARN_UNDECLARED_SELECTOR = YES;
				GCC_WARN_UNINITIALIZED_AUTOS = YES_AGGRESSIVE;
				GCC_WARN_UNUSED_FUNCTION = YES;
				GCC_WARN_UNUSED_VARIABLE = YES;
				IPHONEOS_DEPLOYMENT_TARGET = 10.3;
				MTL_ENABLE_DEBUG_INFO = YES;
				ONLY_ACTIVE_ARCH = YES;
				SDKROOT = iphoneos;
				SWIFT_ACTIVE_COMPILATION_CONDITIONS = DEBUG;
				SWIFT_OPTIMIZATION_LEVEL = "-Onone";
			};
			name = Debug;
		};
		42E41C2C1F6FAB2400702EF7 /* Release */ = {
			isa = XCBuildConfiguration;
			buildSettings = {
				ALWAYS_SEARCH_USER_PATHS = NO;
				CLANG_ANALYZER_NONNULL = YES;
				CLANG_ANALYZER_NUMBER_OBJECT_CONVERSION = YES_AGGRESSIVE;
				CLANG_CXX_LANGUAGE_STANDARD = "gnu++0x";
				CLANG_CXX_LIBRARY = "libc++";
				CLANG_ENABLE_MODULES = YES;
				CLANG_ENABLE_OBJC_ARC = YES;
				CLANG_WARN_BLOCK_CAPTURE_AUTORELEASING = YES;
				CLANG_WARN_BOOL_CONVERSION = YES;
				CLANG_WARN_COMMA = YES;
				CLANG_WARN_CONSTANT_CONVERSION = YES;
				CLANG_WARN_DIRECT_OBJC_ISA_USAGE = YES_ERROR;
				CLANG_WARN_DOCUMENTATION_COMMENTS = YES;
				CLANG_WARN_EMPTY_BODY = YES;
				CLANG_WARN_ENUM_CONVERSION = YES;
				CLANG_WARN_INFINITE_RECURSION = YES;
				CLANG_WARN_INT_CONVERSION = YES;
				CLANG_WARN_NON_LITERAL_NULL_CONVERSION = YES;
				CLANG_WARN_OBJC_LITERAL_CONVERSION = YES;
				CLANG_WARN_OBJC_ROOT_CLASS = YES_ERROR;
				CLANG_WARN_RANGE_LOOP_ANALYSIS = YES;
				CLANG_WARN_STRICT_PROTOTYPES = YES;
				CLANG_WARN_SUSPICIOUS_MOVE = YES;
				CLANG_WARN_UNREACHABLE_CODE = YES;
				CLANG_WARN__DUPLICATE_METHOD_MATCH = YES;
				"CODE_SIGN_IDENTITY[sdk=iphoneos*]" = "iPhone Developer";
				COPY_PHASE_STRIP = NO;
				DEBUG_INFORMATION_FORMAT = "dwarf-with-dsym";
				ENABLE_NS_ASSERTIONS = NO;
				ENABLE_STRICT_OBJC_MSGSEND = YES;
				GCC_C_LANGUAGE_STANDARD = gnu99;
				GCC_NO_COMMON_BLOCKS = YES;
				GCC_WARN_64_TO_32_BIT_CONVERSION = YES;
				GCC_WARN_ABOUT_RETURN_TYPE = YES_ERROR;
				GCC_WARN_UNDECLARED_SELECTOR = YES;
				GCC_WARN_UNINITIALIZED_AUTOS = YES_AGGRESSIVE;
				GCC_WARN_UNUSED_FUNCTION = YES;
				GCC_WARN_UNUSED_VARIABLE = YES;
				IPHONEOS_DEPLOYMENT_TARGET = 10.3;
				MTL_ENABLE_DEBUG_INFO = NO;
				SDKROOT = iphoneos;
				SWIFT_OPTIMIZATION_LEVEL = "-Owholemodule";
				VALIDATE_PRODUCT = YES;
			};
			name = Release;
		};
		42E41C2E1F6FAB2400702EF7 /* Debug */ = {
			isa = XCBuildConfiguration;
			buildSettings = {
				ASSETCATALOG_COMPILER_APPICON_NAME = AppIcon;
				DEVELOPMENT_TEAM = 2UKZEPM7R9;
				INFOPLIST_FILE = FoodyTracker/Info.plist;
				LD_RUNPATH_SEARCH_PATHS = "$(inherited) @executable_path/Frameworks";
				PRODUCT_BUNDLE_IDENTIFIER = hhumorous.com.FoodyTracker;
				PRODUCT_NAME = "$(TARGET_NAME)";
				SWIFT_SWIFT3_OBJC_INFERENCE = On;
				SWIFT_VERSION = 4.0;
			};
			name = Debug;
		};
		42E41C2F1F6FAB2400702EF7 /* Release */ = {
			isa = XCBuildConfiguration;
			buildSettings = {
				ASSETCATALOG_COMPILER_APPICON_NAME = AppIcon;
				DEVELOPMENT_TEAM = 2UKZEPM7R9;
				INFOPLIST_FILE = FoodyTracker/Info.plist;
				LD_RUNPATH_SEARCH_PATHS = "$(inherited) @executable_path/Frameworks";
				PRODUCT_BUNDLE_IDENTIFIER = hhumorous.com.FoodyTracker;
				PRODUCT_NAME = "$(TARGET_NAME)";
				SWIFT_SWIFT3_OBJC_INFERENCE = On;
				SWIFT_VERSION = 4.0;
			};
			name = Release;
		};
		42E41C311F6FAB2400702EF7 /* Debug */ = {
			isa = XCBuildConfiguration;
			buildSettings = {
				ALWAYS_EMBED_SWIFT_STANDARD_LIBRARIES = YES;
				BUNDLE_LOADER = "$(TEST_HOST)";
				DEVELOPMENT_TEAM = 2UKZEPM7R9;
				INFOPLIST_FILE = FoodyTrackerTests/Info.plist;
				LD_RUNPATH_SEARCH_PATHS = "$(inherited) @executable_path/Frameworks @loader_path/Frameworks";
				PRODUCT_BUNDLE_IDENTIFIER = hhumorous.com.FoodyTrackerTests;
				PRODUCT_NAME = "$(TARGET_NAME)";
				SWIFT_SWIFT3_OBJC_INFERENCE = On;
				SWIFT_VERSION = 4.0;
				TEST_HOST = "$(BUILT_PRODUCTS_DIR)/FoodyTracker.app/FoodyTracker";
			};
			name = Debug;
		};
		42E41C321F6FAB2400702EF7 /* Release */ = {
			isa = XCBuildConfiguration;
			buildSettings = {
				ALWAYS_EMBED_SWIFT_STANDARD_LIBRARIES = YES;
				BUNDLE_LOADER = "$(TEST_HOST)";
				DEVELOPMENT_TEAM = 2UKZEPM7R9;
				INFOPLIST_FILE = FoodyTrackerTests/Info.plist;
				LD_RUNPATH_SEARCH_PATHS = "$(inherited) @executable_path/Frameworks @loader_path/Frameworks";
				PRODUCT_BUNDLE_IDENTIFIER = hhumorous.com.FoodyTrackerTests;
				PRODUCT_NAME = "$(TARGET_NAME)";
				SWIFT_SWIFT3_OBJC_INFERENCE = On;
				SWIFT_VERSION = 4.0;
				TEST_HOST = "$(BUILT_PRODUCTS_DIR)/FoodyTracker.app/FoodyTracker";
			};
			name = Release;
		};
		42E41C341F6FAB2400702EF7 /* Debug */ = {
			isa = XCBuildConfiguration;
			buildSettings = {
				ALWAYS_EMBED_SWIFT_STANDARD_LIBRARIES = YES;
				DEVELOPMENT_TEAM = 2UKZEPM7R9;
				INFOPLIST_FILE = FoodyTrackerUITests/Info.plist;
				LD_RUNPATH_SEARCH_PATHS = "$(inherited) @executable_path/Frameworks @loader_path/Frameworks";
				PRODUCT_BUNDLE_IDENTIFIER = hhumorous.com.FoodyTrackerUITests;
				PRODUCT_NAME = "$(TARGET_NAME)";
				SWIFT_SWIFT3_OBJC_INFERENCE = On;
				SWIFT_VERSION = 4.0;
				TEST_TARGET_NAME = FoodyTracker;
			};
			name = Debug;
		};
		42E41C351F6FAB2400702EF7 /* Release */ = {
			isa = XCBuildConfiguration;
			buildSettings = {
				ALWAYS_EMBED_SWIFT_STANDARD_LIBRARIES = YES;
				DEVELOPMENT_TEAM = 2UKZEPM7R9;
				INFOPLIST_FILE = FoodyTrackerUITests/Info.plist;
				LD_RUNPATH_SEARCH_PATHS = "$(inherited) @executable_path/Frameworks @loader_path/Frameworks";
				PRODUCT_BUNDLE_IDENTIFIER = hhumorous.com.FoodyTrackerUITests;
				PRODUCT_NAME = "$(TARGET_NAME)";
				SWIFT_SWIFT3_OBJC_INFERENCE = On;
				SWIFT_VERSION = 4.0;
				TEST_TARGET_NAME = FoodyTracker;
			};
			name = Release;
		};
/* End XCBuildConfiguration section */

/* Begin XCConfigurationList section */
		42E41C001F6FAB2400702EF7 /* Build configuration list for PBXProject "FoodyTracker" */ = {
			isa = XCConfigurationList;
			buildConfigurations = (
				42E41C2B1F6FAB2400702EF7 /* Debug */,
				42E41C2C1F6FAB2400702EF7 /* Release */,
			);
			defaultConfigurationIsVisible = 0;
			defaultConfigurationName = Release;
		};
		42E41C2D1F6FAB2400702EF7 /* Build configuration list for PBXNativeTarget "FoodyTracker" */ = {
			isa = XCConfigurationList;
			buildConfigurations = (
				42E41C2E1F6FAB2400702EF7 /* Debug */,
				42E41C2F1F6FAB2400702EF7 /* Release */,
			);
			defaultConfigurationIsVisible = 0;
			defaultConfigurationName = Release;
		};
		42E41C301F6FAB2400702EF7 /* Build configuration list for PBXNativeTarget "FoodyTrackerTests" */ = {
			isa = XCConfigurationList;
			buildConfigurations = (
				42E41C311F6FAB2400702EF7 /* Debug */,
				42E41C321F6FAB2400702EF7 /* Release */,
			);
			defaultConfigurationIsVisible = 0;
			defaultConfigurationName = Release;
		};
		42E41C331F6FAB2400702EF7 /* Build configuration list for PBXNativeTarget "FoodyTrackerUITests" */ = {
			isa = XCConfigurationList;
			buildConfigurations = (
				42E41C341F6FAB2400702EF7 /* Debug */,
				42E41C351F6FAB2400702EF7 /* Release */,
			);
			defaultConfigurationIsVisible = 0;
			defaultConfigurationName = Release;
		};
/* End XCConfigurationList section */
	};
	rootObject = 42E41BFD1F6FAB2400702EF7 /* Project object */;
}
