// !$*UTF8*$!
{
	archiveVersion = 1;
	classes = {
	};
	objectVersion = 46;
	objects = {

/* Begin PBXBuildFile section */
		680226FC1D62C12900803156 /* main.m in Sources */ = {isa = PBXBuildFile; fileRef = 680226FB1D62C12900803156 /* main.m */; };
		680226FF1D62C12900803156 /* AppDelegate.m in Sources */ = {isa = PBXBuildFile; fileRef = 680226FE1D62C12900803156 /* AppDelegate.m */; };
		680227021D62C12900803156 /* ViewController.m in Sources */ = {isa = PBXBuildFile; fileRef = 680227011D62C12900803156 /* ViewController.m */; };
		680227051D62C12900803156 /* Main.storyboard in Resources */ = {isa = PBXBuildFile; fileRef = 680227031D62C12900803156 /* Main.storyboard */; };
		680227071D62C12900803156 /* Assets.xcassets in Resources */ = {isa = PBXBuildFile; fileRef = 680227061D62C12900803156 /* Assets.xcassets */; };
		6802270A1D62C12900803156 /* LaunchScreen.storyboard in Resources */ = {isa = PBXBuildFile; fileRef = 680227081D62C12900803156 /* LaunchScreen.storyboard */; };
		680227151D62C12900803156 /* a2Tests.m in Sources */ = {isa = PBXBuildFile; fileRef = 680227141D62C12900803156 /* a2Tests.m */; };
		680227201D62C12900803156 /* a2UITests.m in Sources */ = {isa = PBXBuildFile; fileRef = 6802271F1D62C12900803156 /* a2UITests.m */; };
		6802272F1D62C45E00803156 /* Cell.m in Sources */ = {isa = PBXBuildFile; fileRef = 6802272E1D62C45E00803156 /* Cell.m */; };
		680227321D62C48500803156 /* ListFoodVC.m in Sources */ = {isa = PBXBuildFile; fileRef = 680227311D62C48500803156 /* ListFoodVC.m */; };
		68B2108F1D63144100793B2A /* RatingControl.m in Sources */ = {isa = PBXBuildFile; fileRef = 68B2108E1D63144100793B2A /* RatingControl.m */; };
		7EDB0740BF6E8B56ED89BF7B /* Pods_a2.framework in Frameworks */ = {isa = PBXBuildFile; fileRef = 2E046C14ABE606098A33C29F /* Pods_a2.framework */; };
/* End PBXBuildFile section */

/* Begin PBXContainerItemProxy section */
		680227111D62C12900803156 /* PBXContainerItemProxy */ = {
			isa = PBXContainerItemProxy;
			containerPortal = 680226EF1D62C12900803156 /* Project object */;
			proxyType = 1;
			remoteGlobalIDString = 680226F61D62C12900803156;
			remoteInfo = a2;
		};
		6802271C1D62C12900803156 /* PBXContainerItemProxy */ = {
			isa = PBXContainerItemProxy;
			containerPortal = 680226EF1D62C12900803156 /* Project object */;
			proxyType = 1;
			remoteGlobalIDString = 680226F61D62C12900803156;
			remoteInfo = a2;
		};
/* End PBXContainerItemProxy section */

/* Begin PBXFileReference section */
		2E046C14ABE606098A33C29F /* Pods_a2.framework */ = {isa = PBXFileReference; explicitFileType = wrapper.framework; includeInIndex = 0; path = Pods_a2.framework; sourceTree = BUILT_PRODUCTS_DIR; };
		4D0B192F64A54B4B224A649D /* Pods-a2.debug.xcconfig */ = {isa = PBXFileReference; includeInIndex = 1; lastKnownFileType = text.xcconfig; name = "Pods-a2.debug.xcconfig"; path = "Pods/Target Support Files/Pods-a2/Pods-a2.debug.xcconfig"; sourceTree = "<group>"; };
		680226F71D62C12900803156 /* a2.app */ = {isa = PBXFileReference; explicitFileType = wrapper.application; includeInIndex = 0; path = a2.app; sourceTree = BUILT_PRODUCTS_DIR; };
		680226FB1D62C12900803156 /* main.m */ = {isa = PBXFileReference; lastKnownFileType = sourcecode.c.objc; path = main.m; sourceTree = "<group>"; };
		680226FD1D62C12900803156 /* AppDelegate.h */ = {isa = PBXFileReference; lastKnownFileType = sourcecode.c.h; path = AppDelegate.h; sourceTree = "<group>"; };
		680226FE1D62C12900803156 /* AppDelegate.m */ = {isa = PBXFileReference; lastKnownFileType = sourcecode.c.objc; path = AppDelegate.m; sourceTree = "<group>"; };
		680227001D62C12900803156 /* ViewController.h */ = {isa = PBXFileReference; lastKnownFileType = sourcecode.c.h; path = ViewController.h; sourceTree = "<group>"; };
		680227011D62C12900803156 /* ViewController.m */ = {isa = PBXFileReference; lastKnownFileType = sourcecode.c.objc; path = ViewController.m; sourceTree = "<group>"; };
		680227041D62C12900803156 /* Base */ = {isa = PBXFileReference; lastKnownFileType = file.storyboard; name = Base; path = Base.lproj/Main.storyboard; sourceTree = "<group>"; };
		680227061D62C12900803156 /* Assets.xcassets */ = {isa = PBXFileReference; lastKnownFileType = folder.assetcatalog; path = Assets.xcassets; sourceTree = "<group>"; };
		680227091D62C12900803156 /* Base */ = {isa = PBXFileReference; lastKnownFileType = file.storyboard; name = Base; path = Base.lproj/LaunchScreen.storyboard; sourceTree = "<group>"; };
		6802270B1D62C12900803156 /* Info.plist */ = {isa = PBXFileReference; lastKnownFileType = text.plist.xml; path = Info.plist; sourceTree = "<group>"; };
		680227101D62C12900803156 /* a2Tests.xctest */ = {isa = PBXFileReference; explicitFileType = wrapper.cfbundle; includeInIndex = 0; path = a2Tests.xctest; sourceTree = BUILT_PRODUCTS_DIR; };
		680227141D62C12900803156 /* a2Tests.m */ = {isa = PBXFileReference; lastKnownFileType = sourcecode.c.objc; path = a2Tests.m; sourceTree = "<group>"; };
		680227161D62C12900803156 /* Info.plist */ = {isa = PBXFileReference; lastKnownFileType = text.plist.xml; path = Info.plist; sourceTree = "<group>"; };
		6802271B1D62C12900803156 /* a2UITests.xctest */ = {isa = PBXFileReference; explicitFileType = wrapper.cfbundle; includeInIndex = 0; path = a2UITests.xctest; sourceTree = BUILT_PRODUCTS_DIR; };
		6802271F1D62C12900803156 /* a2UITests.m */ = {isa = PBXFileReference; lastKnownFileType = sourcecode.c.objc; path = a2UITests.m; sourceTree = "<group>"; };
		680227211D62C12900803156 /* Info.plist */ = {isa = PBXFileReference; lastKnownFileType = text.plist.xml; path = Info.plist; sourceTree = "<group>"; };
		6802272D1D62C45E00803156 /* Cell.h */ = {isa = PBXFileReference; fileEncoding = 4; lastKnownFileType = sourcecode.c.h; path = Cell.h; sourceTree = "<group>"; };
		6802272E1D62C45E00803156 /* Cell.m */ = {isa = PBXFileReference; fileEncoding = 4; lastKnownFileType = sourcecode.c.objc; path = Cell.m; sourceTree = "<group>"; };
		680227301D62C48500803156 /* ListFoodVC.h */ = {isa = PBXFileReference; fileEncoding = 4; lastKnownFileType = sourcecode.c.h; path = ListFoodVC.h; sourceTree = "<group>"; };
		680227311D62C48500803156 /* ListFoodVC.m */ = {isa = PBXFileReference; fileEncoding = 4; lastKnownFileType = sourcecode.c.objc; path = ListFoodVC.m; sourceTree = "<group>"; };
		68B2108D1D63144100793B2A /* RatingControl.h */ = {isa = PBXFileReference; fileEncoding = 4; lastKnownFileType = sourcecode.c.h; path = RatingControl.h; sourceTree = "<group>"; };
		68B2108E1D63144100793B2A /* RatingControl.m */ = {isa = PBXFileReference; fileEncoding = 4; lastKnownFileType = sourcecode.c.objc; path = RatingControl.m; sourceTree = "<group>"; };
		C0B2F31CA87A74A744B01210 /* Pods-a2.release.xcconfig */ = {isa = PBXFileReference; includeInIndex = 1; lastKnownFileType = text.xcconfig; name = "Pods-a2.release.xcconfig"; path = "Pods/Target Support Files/Pods-a2/Pods-a2.release.xcconfig"; sourceTree = "<group>"; };
/* End PBXFileReference section */

/* Begin PBXFrameworksBuildPhase section */
		680226F41D62C12900803156 /* Frameworks */ = {
			isa = PBXFrameworksBuildPhase;
			buildActionMask = 2147483647;
			files = (
				7EDB0740BF6E8B56ED89BF7B /* Pods_a2.framework in Frameworks */,
			);
			runOnlyForDeploymentPostprocessing = 0;
		};
		6802270D1D62C12900803156 /* Frameworks */ = {
			isa = PBXFrameworksBuildPhase;
			buildActionMask = 2147483647;
			files = (
			);
			runOnlyForDeploymentPostprocessing = 0;
		};
		680227181D62C12900803156 /* Frameworks */ = {
			isa = PBXFrameworksBuildPhase;
			buildActionMask = 2147483647;
			files = (
			);
			runOnlyForDeploymentPostprocessing = 0;
		};
/* End PBXFrameworksBuildPhase section */

/* Begin PBXGroup section */
		0939A1DB6452F3552D110C03 /* Frameworks */ = {
			isa = PBXGroup;
			children = (
				2E046C14ABE606098A33C29F /* Pods_a2.framework */,
			);
			name = Frameworks;
			sourceTree = "<group>";
		};
		680226EE1D62C12900803156 = {
			isa = PBXGroup;
			children = (
				680226F91D62C12900803156 /* a2 */,
				680227131D62C12900803156 /* a2Tests */,
				6802271E1D62C12900803156 /* a2UITests */,
				680226F81D62C12900803156 /* Products */,
				70997C718B43F527E7F4DC1F /* Pods */,
				0939A1DB6452F3552D110C03 /* Frameworks */,
			);
			sourceTree = "<group>";
		};
		680226F81D62C12900803156 /* Products */ = {
			isa = PBXGroup;
			children = (
				680226F71D62C12900803156 /* a2.app */,
				680227101D62C12900803156 /* a2Tests.xctest */,
				6802271B1D62C12900803156 /* a2UITests.xctest */,
			);
			name = Products;
			sourceTree = "<group>";
		};
		680226F91D62C12900803156 /* a2 */ = {
			isa = PBXGroup;
			children = (
				68B2108D1D63144100793B2A /* RatingControl.h */,
				68B2108E1D63144100793B2A /* RatingControl.m */,
				680226FD1D62C12900803156 /* AppDelegate.h */,
				680226FE1D62C12900803156 /* AppDelegate.m */,
				680227001D62C12900803156 /* ViewController.h */,
				680227011D62C12900803156 /* ViewController.m */,
				680227031D62C12900803156 /* Main.storyboard */,
				680227061D62C12900803156 /* Assets.xcassets */,
				680227081D62C12900803156 /* LaunchScreen.storyboard */,
				6802270B1D62C12900803156 /* Info.plist */,
				680226FA1D62C12900803156 /* Supporting Files */,
				6802272D1D62C45E00803156 /* Cell.h */,
				6802272E1D62C45E00803156 /* Cell.m */,
				680227301D62C48500803156 /* ListFoodVC.h */,
				680227311D62C48500803156 /* ListFoodVC.m */,
			);
			path = a2;
			sourceTree = "<group>";
		};
		680226FA1D62C12900803156 /* Supporting Files */ = {
			isa = PBXGroup;
			children = (
				680226FB1D62C12900803156 /* main.m */,
			);
			name = "Supporting Files";
			sourceTree = "<group>";
		};
		680227131D62C12900803156 /* a2Tests */ = {
			isa = PBXGroup;
			children = (
				680227141D62C12900803156 /* a2Tests.m */,
				680227161D62C12900803156 /* Info.plist */,
			);
			path = a2Tests;
			sourceTree = "<group>";
		};
		6802271E1D62C12900803156 /* a2UITests */ = {
			isa = PBXGroup;
			children = (
				6802271F1D62C12900803156 /* a2UITests.m */,
				680227211D62C12900803156 /* Info.plist */,
			);
			path = a2UITests;
			sourceTree = "<group>";
		};
		70997C718B43F527E7F4DC1F /* Pods */ = {
			isa = PBXGroup;
			children = (
				4D0B192F64A54B4B224A649D /* Pods-a2.debug.xcconfig */,
				C0B2F31CA87A74A744B01210 /* Pods-a2.release.xcconfig */,
			);
			name = Pods;
			sourceTree = "<group>";
		};
/* End PBXGroup section */

/* Begin PBXNativeTarget section */
		680226F61D62C12900803156 /* a2 */ = {
			isa = PBXNativeTarget;
			buildConfigurationList = 680227241D62C12900803156 /* Build configuration list for PBXNativeTarget "a2" */;
			buildPhases = (
				A7838DD74059AE29114ABB43 /* 📦 Check Pods Manifest.lock */,
				680226F31D62C12900803156 /* Sources */,
				680226F41D62C12900803156 /* Frameworks */,
				680226F51D62C12900803156 /* Resources */,
				15AC06BD8FDB003BD57AFA95 /* 📦 Embed Pods Frameworks */,
				5D7599D87E60468C28151799 /* 📦 Copy Pods Resources */,
			);
			buildRules = (
			);
			dependencies = (
			);
			name = a2;
			productName = a2;
			productReference = 680226F71D62C12900803156 /* a2.app */;
			productType = "com.apple.product-type.application";
		};
		6802270F1D62C12900803156 /* a2Tests */ = {
			isa = PBXNativeTarget;
			buildConfigurationList = 680227271D62C12900803156 /* Build configuration list for PBXNativeTarget "a2Tests" */;
			buildPhases = (
				6802270C1D62C12900803156 /* Sources */,
				6802270D1D62C12900803156 /* Frameworks */,
				6802270E1D62C12900803156 /* Resources */,
			);
			buildRules = (
			);
			dependencies = (
				680227121D62C12900803156 /* PBXTargetDependency */,
			);
			name = a2Tests;
			productName = a2Tests;
			productReference = 680227101D62C12900803156 /* a2Tests.xctest */;
			productType = "com.apple.product-type.bundle.unit-test";
		};
		6802271A1D62C12900803156 /* a2UITests */ = {
			isa = PBXNativeTarget;
			buildConfigurationList = 6802272A1D62C12900803156 /* Build configuration list for PBXNativeTarget "a2UITests" */;
			buildPhases = (
				680227171D62C12900803156 /* Sources */,
				680227181D62C12900803156 /* Frameworks */,
				680227191D62C12900803156 /* Resources */,
			);
			buildRules = (
			);
			dependencies = (
				6802271D1D62C12900803156 /* PBXTargetDependency */,
			);
			name = a2UITests;
			productName = a2UITests;
			productReference = 6802271B1D62C12900803156 /* a2UITests.xctest */;
			productType = "com.apple.product-type.bundle.ui-testing";
		};
/* End PBXNativeTarget section */

/* Begin PBXProject section */
		680226EF1D62C12900803156 /* Project object */ = {
			isa = PBXProject;
			attributes = {
				LastUpgradeCheck = 0730;
				ORGANIZATIONNAME = hungpham;
				TargetAttributes = {
					680226F61D62C12900803156 = {
						CreatedOnToolsVersion = 7.3.1;
					};
					6802270F1D62C12900803156 = {
						CreatedOnToolsVersion = 7.3.1;
						TestTargetID = 680226F61D62C12900803156;
					};
					6802271A1D62C12900803156 = {
						CreatedOnToolsVersion = 7.3.1;
						TestTargetID = 680226F61D62C12900803156;
					};
				};
			};
			buildConfigurationList = 680226F21D62C12900803156 /* Build configuration list for PBXProject "a2" */;
			compatibilityVersion = "Xcode 3.2";
			developmentRegion = English;
			hasScannedForEncodings = 0;
			knownRegions = (
				en,
				Base,
			);
			mainGroup = 680226EE1D62C12900803156;
			productRefGroup = 680226F81D62C12900803156 /* Products */;
			projectDirPath = "";
			projectRoot = "";
			targets = (
				680226F61D62C12900803156 /* a2 */,
				6802270F1D62C12900803156 /* a2Tests */,
				6802271A1D62C12900803156 /* a2UITests */,
			);
		};
/* End PBXProject section */

/* Begin PBXResourcesBuildPhase section */
		680226F51D62C12900803156 /* Resources */ = {
			isa = PBXResourcesBuildPhase;
			buildActionMask = 2147483647;
			files = (
				6802270A1D62C12900803156 /* LaunchScreen.storyboard in Resources */,
				680227071D62C12900803156 /* Assets.xcassets in Resources */,
				680227051D62C12900803156 /* Main.storyboard in Resources */,
			);
			runOnlyForDeploymentPostprocessing = 0;
		};
		6802270E1D62C12900803156 /* Resources */ = {
			isa = PBXResourcesBuildPhase;
			buildActionMask = 2147483647;
			files = (
			);
			runOnlyForDeploymentPostprocessing = 0;
		};
		680227191D62C12900803156 /* Resources */ = {
			isa = PBXResourcesBuildPhase;
			buildActionMask = 2147483647;
			files = (
			);
			runOnlyForDeploymentPostprocessing = 0;
		};
/* End PBXResourcesBuildPhase section */

/* Begin PBXShellScriptBuildPhase section */
		15AC06BD8FDB003BD57AFA95 /* 📦 Embed Pods Frameworks */ = {
			isa = PBXShellScriptBuildPhase;
			buildActionMask = 2147483647;
			files = (
			);
			inputPaths = (
			);
			name = "📦 Embed Pods Frameworks";
			outputPaths = (
			);
			runOnlyForDeploymentPostprocessing = 0;
			shellPath = /bin/sh;
			shellScript = "\"${SRCROOT}/Pods/Target Support Files/Pods-a2/Pods-a2-frameworks.sh\"\n";
			showEnvVarsInLog = 0;
		};
		5D7599D87E60468C28151799 /* 📦 Copy Pods Resources */ = {
			isa = PBXShellScriptBuildPhase;
			buildActionMask = 2147483647;
			files = (
			);
			inputPaths = (
			);
			name = "📦 Copy Pods Resources";
			outputPaths = (
			);
			runOnlyForDeploymentPostprocessing = 0;
			shellPath = /bin/sh;
			shellScript = "\"${SRCROOT}/Pods/Target Support Files/Pods-a2/Pods-a2-resources.sh\"\n";
			showEnvVarsInLog = 0;
		};
		A7838DD74059AE29114ABB43 /* 📦 Check Pods Manifest.lock */ = {
			isa = PBXShellScriptBuildPhase;
			buildActionMask = 2147483647;
			files = (
			);
			inputPaths = (
			);
			name = "📦 Check Pods Manifest.lock";
			outputPaths = (
			);
			runOnlyForDeploymentPostprocessing = 0;
			shellPath = /bin/sh;
			shellScript = "diff \"${PODS_ROOT}/../Podfile.lock\" \"${PODS_ROOT}/Manifest.lock\" > /dev/null\nif [[ $? != 0 ]] ; then\n    cat << EOM\nerror: The sandbox is not in sync with the Podfile.lock. Run 'pod install' or update your CocoaPods installation.\nEOM\n    exit 1\nfi\n";
			showEnvVarsInLog = 0;
		};
/* End PBXShellScriptBuildPhase section */

/* Begin PBXSourcesBuildPhase section */
		680226F31D62C12900803156 /* Sources */ = {
			isa = PBXSourcesBuildPhase;
			buildActionMask = 2147483647;
			files = (
				680227021D62C12900803156 /* ViewController.m in Sources */,
				6802272F1D62C45E00803156 /* Cell.m in Sources */,
				68B2108F1D63144100793B2A /* RatingControl.m in Sources */,
				680226FF1D62C12900803156 /* AppDelegate.m in Sources */,
				680226FC1D62C12900803156 /* main.m in Sources */,
				680227321D62C48500803156 /* ListFoodVC.m in Sources */,
			);
			runOnlyForDeploymentPostprocessing = 0;
		};
		6802270C1D62C12900803156 /* Sources */ = {
			isa = PBXSourcesBuildPhase;
			buildActionMask = 2147483647;
			files = (
				680227151D62C12900803156 /* a2Tests.m in Sources */,
			);
			runOnlyForDeploymentPostprocessing = 0;
		};
		680227171D62C12900803156 /* Sources */ = {
			isa = PBXSourcesBuildPhase;
			buildActionMask = 2147483647;
			files = (
				680227201D62C12900803156 /* a2UITests.m in Sources */,
			);
			runOnlyForDeploymentPostprocessing = 0;
		};
/* End PBXSourcesBuildPhase section */

/* Begin PBXTargetDependency section */
		680227121D62C12900803156 /* PBXTargetDependency */ = {
			isa = PBXTargetDependency;
			target = 680226F61D62C12900803156 /* a2 */;
			targetProxy = 680227111D62C12900803156 /* PBXContainerItemProxy */;
		};
		6802271D1D62C12900803156 /* PBXTargetDependency */ = {
			isa = PBXTargetDependency;
			target = 680226F61D62C12900803156 /* a2 */;
			targetProxy = 6802271C1D62C12900803156 /* PBXContainerItemProxy */;
		};
/* End PBXTargetDependency section */

/* Begin PBXVariantGroup section */
		680227031D62C12900803156 /* Main.storyboard */ = {
			isa = PBXVariantGroup;
			children = (
				680227041D62C12900803156 /* Base */,
			);
			name = Main.storyboard;
			sourceTree = "<group>";
		};
		680227081D62C12900803156 /* LaunchScreen.storyboard */ = {
			isa = PBXVariantGroup;
			children = (
				680227091D62C12900803156 /* Base */,
			);
			name = LaunchScreen.storyboard;
			sourceTree = "<group>";
		};
/* End PBXVariantGroup section */

/* Begin XCBuildConfiguration section */
		680227221D62C12900803156 /* Debug */ = {
			isa = XCBuildConfiguration;
			buildSettings = {
				ALWAYS_SEARCH_USER_PATHS = NO;
				CLANG_ANALYZER_NONNULL = YES;
				CLANG_CXX_LANGUAGE_STANDARD = "gnu++0x";
				CLANG_CXX_LIBRARY = "libc++";
				CLANG_ENABLE_MODULES = YES;
				CLANG_ENABLE_OBJC_ARC = YES;
				CLANG_WARN_BOOL_CONVERSION = YES;
				CLANG_WARN_CONSTANT_CONVERSION = YES;
				CLANG_WARN_DIRECT_OBJC_ISA_USAGE = YES_ERROR;
				CLANG_WARN_EMPTY_BODY = YES;
				CLANG_WARN_ENUM_CONVERSION = YES;
				CLANG_WARN_INT_CONVERSION = YES;
				CLANG_WARN_OBJC_ROOT_CLASS = YES_ERROR;
				CLANG_WARN_UNREACHABLE_CODE = YES;
				CLANG_WARN__DUPLICATE_METHOD_MATCH = YES;
				"CODE_SIGN_IDENTITY[sdk=iphoneos*]" = "iPhone Developer";
				COPY_PHASE_STRIP = NO;
				DEBUG_INFORMATION_FORMAT = dwarf;
				ENABLE_STRICT_OBJC_MSGSEND = YES;
				ENABLE_TESTABILITY = YES;
				GCC_C_LANGUAGE_STANDARD = gnu99;
				GCC_DYNAMIC_NO_PIC = NO;
				GCC_NO_COMMON_BLOCKS = YES;
				GCC_OPTIMIZATION_LEVEL = 0;
				GCC_PREPROCESSOR_DEFINITIONS = (
					"DEBUG=1",
					"$(inherited)",
				);
				GCC_WARN_64_TO_32_BIT_CONVERSION = YES;
				GCC_WARN_ABOUT_RETURN_TYPE = YES_ERROR;
				GCC_WARN_UNDECLARED_SELECTOR = YES;
				GCC_WARN_UNINITIALIZED_AUTOS = YES_AGGRESSIVE;
				GCC_WARN_UNUSED_FUNCTION = YES;
				GCC_WARN_UNUSED_VARIABLE = YES;
				IPHONEOS_DEPLOYMENT_TARGET = 9.3;
				MTL_ENABLE_DEBUG_INFO = YES;
				ONLY_ACTIVE_ARCH = YES;
				SDKROOT = iphoneos;
				TARGETED_DEVICE_FAMILY = "1,2";
			};
			name = Debug;
		};
		680227231D62C12900803156 /* Release */ = {
			isa = XCBuildConfiguration;
			buildSettings = {
				ALWAYS_SEARCH_USER_PATHS = NO;
				CLANG_ANALYZER_NONNULL = YES;
				CLANG_CXX_LANGUAGE_STANDARD = "gnu++0x";
				CLANG_CXX_LIBRARY = "libc++";
				CLANG_ENABLE_MODULES = YES;
				CLANG_ENABLE_OBJC_ARC = YES;
				CLANG_WARN_BOOL_CONVERSION = YES;
				CLANG_WARN_CONSTANT_CONVERSION = YES;
				CLANG_WARN_DIRECT_OBJC_ISA_USAGE = YES_ERROR;
				CLANG_WARN_EMPTY_BODY = YES;
				CLANG_WARN_ENUM_CONVERSION = YES;
				CLANG_WARN_INT_CONVERSION = YES;
				CLANG_WARN_OBJC_ROOT_CLASS = YES_ERROR;
				CLANG_WARN_UNREACHABLE_CODE = YES;
				CLANG_WARN__DUPLICATE_METHOD_MATCH = YES;
				"CODE_SIGN_IDENTITY[sdk=iphoneos*]" = "iPhone Developer";
				COPY_PHASE_STRIP = NO;
				DEBUG_INFORMATION_FORMAT = "dwarf-with-dsym";
				ENABLE_NS_ASSERTIONS = NO;
				ENABLE_STRICT_OBJC_MSGSEND = YES;
				GCC_C_LANGUAGE_STANDARD = gnu99;
				GCC_NO_COMMON_BLOCKS = YES;
				GCC_WARN_64_TO_32_BIT_CONVERSION = YES;
				GCC_WARN_ABOUT_RETURN_TYPE = YES_ERROR;
				GCC_WARN_UNDECLARED_SELECTOR = YES;
				GCC_WARN_UNINITIALIZED_AUTOS = YES_AGGRESSIVE;
				GCC_WARN_UNUSED_FUNCTION = YES;
				GCC_WARN_UNUSED_VARIABLE = YES;
				IPHONEOS_DEPLOYMENT_TARGET = 9.3;
				MTL_ENABLE_DEBUG_INFO = NO;
				SDKROOT = iphoneos;
				TARGETED_DEVICE_FAMILY = "1,2";
				VALIDATE_PRODUCT = YES;
			};
			name = Release;
		};
		680227251D62C12900803156 /* Debug */ = {
			isa = XCBuildConfiguration;
			baseConfigurationReference = 4D0B192F64A54B4B224A649D /* Pods-a2.debug.xcconfig */;
			buildSettings = {
				ASSETCATALOG_COMPILER_APPICON_NAME = AppIcon;
				INFOPLIST_FILE = a2/Info.plist;
				IPHONEOS_DEPLOYMENT_TARGET = 9.3;
				LD_RUNPATH_SEARCH_PATHS = "$(inherited) @executable_path/Frameworks";
				PRODUCT_BUNDLE_IDENTIFIER = com.hungpham.a2;
				PRODUCT_NAME = "$(TARGET_NAME)";
			};
			name = Debug;
		};
		680227261D62C12900803156 /* Release */ = {
			isa = XCBuildConfiguration;
			baseConfigurationReference = C0B2F31CA87A74A744B01210 /* Pods-a2.release.xcconfig */;
			buildSettings = {
				ASSETCATALOG_COMPILER_APPICON_NAME = AppIcon;
				INFOPLIST_FILE = a2/Info.plist;
				IPHONEOS_DEPLOYMENT_TARGET = 9.3;
				LD_RUNPATH_SEARCH_PATHS = "$(inherited) @executable_path/Frameworks";
				PRODUCT_BUNDLE_IDENTIFIER = com.hungpham.a2;
				PRODUCT_NAME = "$(TARGET_NAME)";
			};
			name = Release;
		};
		680227281D62C12900803156 /* Debug */ = {
			isa = XCBuildConfiguration;
			buildSettings = {
				BUNDLE_LOADER = "$(TEST_HOST)";
				INFOPLIST_FILE = a2Tests/Info.plist;
				LD_RUNPATH_SEARCH_PATHS = "$(inherited) @executable_path/Frameworks @loader_path/Frameworks";
				PRODUCT_BUNDLE_IDENTIFIER = com.hungpham.a2Tests;
				PRODUCT_NAME = "$(TARGET_NAME)";
				TEST_HOST = "$(BUILT_PRODUCTS_DIR)/a2.app/a2";
			};
			name = Debug;
		};
		680227291D62C12900803156 /* Release */ = {
			isa = XCBuildConfiguration;
			buildSettings = {
				BUNDLE_LOADER = "$(TEST_HOST)";
				INFOPLIST_FILE = a2Tests/Info.plist;
				LD_RUNPATH_SEARCH_PATHS = "$(inherited) @executable_path/Frameworks @loader_path/Frameworks";
				PRODUCT_BUNDLE_IDENTIFIER = com.hungpham.a2Tests;
				PRODUCT_NAME = "$(TARGET_NAME)";
				TEST_HOST = "$(BUILT_PRODUCTS_DIR)/a2.app/a2";
			};
			name = Release;
		};
		6802272B1D62C12900803156 /* Debug */ = {
			isa = XCBuildConfiguration;
			buildSettings = {
				INFOPLIST_FILE = a2UITests/Info.plist;
				LD_RUNPATH_SEARCH_PATHS = "$(inherited) @executable_path/Frameworks @loader_path/Frameworks";
				PRODUCT_BUNDLE_IDENTIFIER = com.hungpham.a2UITests;
				PRODUCT_NAME = "$(TARGET_NAME)";
				TEST_TARGET_NAME = a2;
			};
			name = Debug;
		};
		6802272C1D62C12900803156 /* Release */ = {
			isa = XCBuildConfiguration;
			buildSettings = {
				INFOPLIST_FILE = a2UITests/Info.plist;
				LD_RUNPATH_SEARCH_PATHS = "$(inherited) @executable_path/Frameworks @loader_path/Frameworks";
				PRODUCT_BUNDLE_IDENTIFIER = com.hungpham.a2UITests;
				PRODUCT_NAME = "$(TARGET_NAME)";
				TEST_TARGET_NAME = a2;
			};
			name = Release;
		};
/* End XCBuildConfiguration section */

/* Begin XCConfigurationList section */
		680226F21D62C12900803156 /* Build configuration list for PBXProject "a2" */ = {
			isa = XCConfigurationList;
			buildConfigurations = (
				680227221D62C12900803156 /* Debug */,
				680227231D62C12900803156 /* Release */,
			);
			defaultConfigurationIsVisible = 0;
			defaultConfigurationName = Release;
		};
		680227241D62C12900803156 /* Build configuration list for PBXNativeTarget "a2" */ = {
			isa = XCConfigurationList;
			buildConfigurations = (
				680227251D62C12900803156 /* Debug */,
				680227261D62C12900803156 /* Release */,
			);
			defaultConfigurationIsVisible = 0;
			defaultConfigurationName = Release;
		};
		680227271D62C12900803156 /* Build configuration list for PBXNativeTarget "a2Tests" */ = {
			isa = XCConfigurationList;
			buildConfigurations = (
				680227281D62C12900803156 /* Debug */,
				680227291D62C12900803156 /* Release */,
			);
			defaultConfigurationIsVisible = 0;
			defaultConfigurationName = Release;
		};
		6802272A1D62C12900803156 /* Build configuration list for PBXNativeTarget "a2UITests" */ = {
			isa = XCConfigurationList;
			buildConfigurations = (
				6802272B1D62C12900803156 /* Debug */,
				6802272C1D62C12900803156 /* Release */,
			);
			defaultConfigurationIsVisible = 0;
			defaultConfigurationName = Release;
		};
/* End XCConfigurationList section */
	};
	rootObject = 680226EF1D62C12900803156 /* Project object */;
}
