// !$*UTF8*$!
{
	archiveVersion = 1;
	classes = {
	};
	objectVersion = 46;
	objects = {

/* Begin PBXBuildFile section */
		5432BB461D6C414F006408BB /* main.m in Sources */ = {isa = PBXBuildFile; fileRef = 5432BB451D6C414F006408BB /* main.m */; };
		5432BB491D6C414F006408BB /* AppDelegate.m in Sources */ = {isa = PBXBuildFile; fileRef = 5432BB481D6C414F006408BB /* AppDelegate.m */; };
		5432BB4C1D6C414F006408BB /* ViewController.m in Sources */ = {isa = PBXBuildFile; fileRef = 5432BB4B1D6C414F006408BB /* ViewController.m */; };
		5432BB4F1D6C414F006408BB /* Main.storyboard in Resources */ = {isa = PBXBuildFile; fileRef = 5432BB4D1D6C414F006408BB /* Main.storyboard */; };
		5432BB511D6C414F006408BB /* Assets.xcassets in Resources */ = {isa = PBXBuildFile; fileRef = 5432BB501D6C414F006408BB /* Assets.xcassets */; };
		5432BB541D6C414F006408BB /* LaunchScreen.storyboard in Resources */ = {isa = PBXBuildFile; fileRef = 5432BB521D6C414F006408BB /* LaunchScreen.storyboard */; };
/* End PBXBuildFile section */

/* Begin PBXFileReference section */
		5432BB411D6C414F006408BB /* Autolayout01.app */ = {isa = PBXFileReference; explicitFileType = wrapper.application; includeInIndex = 0; path = Autolayout01.app; sourceTree = BUILT_PRODUCTS_DIR; };
		5432BB451D6C414F006408BB /* main.m */ = {isa = PBXFileReference; lastKnownFileType = sourcecode.c.objc; path = main.m; sourceTree = "<group>"; };
		5432BB471D6C414F006408BB /* AppDelegate.h */ = {isa = PBXFileReference; lastKnownFileType = sourcecode.c.h; path = AppDelegate.h; sourceTree = "<group>"; };
		5432BB481D6C414F006408BB /* AppDelegate.m */ = {isa = PBXFileReference; lastKnownFileType = sourcecode.c.objc; path = AppDelegate.m; sourceTree = "<group>"; };
		5432BB4A1D6C414F006408BB /* ViewController.h */ = {isa = PBXFileReference; lastKnownFileType = sourcecode.c.h; path = ViewController.h; sourceTree = "<group>"; };
		5432BB4B1D6C414F006408BB /* ViewController.m */ = {isa = PBXFileReference; lastKnownFileType = sourcecode.c.objc; path = ViewController.m; sourceTree = "<group>"; };
		5432BB4E1D6C414F006408BB /* Base */ = {isa = PBXFileReference; lastKnownFileType = file.storyboard; name = Base; path = Base.lproj/Main.storyboard; sourceTree = "<group>"; };
		5432BB501D6C414F006408BB /* Assets.xcassets */ = {isa = PBXFileReference; lastKnownFileType = folder.assetcatalog; path = Assets.xcassets; sourceTree = "<group>"; };
		5432BB531D6C414F006408BB /* Base */ = {isa = PBXFileReference; lastKnownFileType = file.storyboard; name = Base; path = Base.lproj/LaunchScreen.storyboard; sourceTree = "<group>"; };
		5432BB551D6C414F006408BB /* Info.plist */ = {isa = PBXFileReference; lastKnownFileType = text.plist.xml; path = Info.plist; sourceTree = "<group>"; };
/* End PBXFileReference section */

/* Begin PBXFrameworksBuildPhase section */
		5432BB3E1D6C414F006408BB /* Frameworks */ = {
			isa = PBXFrameworksBuildPhase;
			buildActionMask = 2147483647;
			files = (
			);
			runOnlyForDeploymentPostprocessing = 0;
		};
/* End PBXFrameworksBuildPhase section */

/* Begin PBXGroup section */
		5432BB381D6C414F006408BB = {
			isa = PBXGroup;
			children = (
				5432BB431D6C414F006408BB /* Autolayout01 */,
				5432BB421D6C414F006408BB /* Products */,
			);
			sourceTree = "<group>";
		};
		5432BB421D6C414F006408BB /* Products */ = {
			isa = PBXGroup;
			children = (
				5432BB411D6C414F006408BB /* Autolayout01.app */,
			);
			name = Products;
			sourceTree = "<group>";
		};
		5432BB431D6C414F006408BB /* Autolayout01 */ = {
			isa = PBXGroup;
			children = (
				5432BB471D6C414F006408BB /* AppDelegate.h */,
				5432BB481D6C414F006408BB /* AppDelegate.m */,
				5432BB4A1D6C414F006408BB /* ViewController.h */,
				5432BB4B1D6C414F006408BB /* ViewController.m */,
				5432BB4D1D6C414F006408BB /* Main.storyboard */,
				5432BB501D6C414F006408BB /* Assets.xcassets */,
				5432BB521D6C414F006408BB /* LaunchScreen.storyboard */,
				5432BB551D6C414F006408BB /* Info.plist */,
				5432BB441D6C414F006408BB /* Supporting Files */,
			);
			path = Autolayout01;
			sourceTree = "<group>";
		};
		5432BB441D6C414F006408BB /* Supporting Files */ = {
			isa = PBXGroup;
			children = (
				5432BB451D6C414F006408BB /* main.m */,
			);
			name = "Supporting Files";
			sourceTree = "<group>";
		};
/* End PBXGroup section */

/* Begin PBXNativeTarget section */
		5432BB401D6C414F006408BB /* Autolayout01 */ = {
			isa = PBXNativeTarget;
			buildConfigurationList = 5432BB581D6C414F006408BB /* Build configuration list for PBXNativeTarget "Autolayout01" */;
			buildPhases = (
				5432BB3D1D6C414F006408BB /* Sources */,
				5432BB3E1D6C414F006408BB /* Frameworks */,
				5432BB3F1D6C414F006408BB /* Resources */,
			);
			buildRules = (
			);
			dependencies = (
			);
			name = Autolayout01;
			productName = Autolayout01;
			productReference = 5432BB411D6C414F006408BB /* Autolayout01.app */;
			productType = "com.apple.product-type.application";
		};
/* End PBXNativeTarget section */

/* Begin PBXProject section */
		5432BB391D6C414F006408BB /* Project object */ = {
			isa = PBXProject;
			attributes = {
				LastUpgradeCheck = 0710;
				ORGANIZATIONNAME = admin;
				TargetAttributes = {
					5432BB401D6C414F006408BB = {
						CreatedOnToolsVersion = 7.1.1;
						DevelopmentTeam = L9HWCLFUMB;
					};
				};
			};
			buildConfigurationList = 5432BB3C1D6C414F006408BB /* Build configuration list for PBXProject "Autolayout01" */;
			compatibilityVersion = "Xcode 3.2";
			developmentRegion = English;
			hasScannedForEncodings = 0;
			knownRegions = (
				en,
				Base,
			);
			mainGroup = 5432BB381D6C414F006408BB;
			productRefGroup = 5432BB421D6C414F006408BB /* Products */;
			projectDirPath = "";
			projectRoot = "";
			targets = (
				5432BB401D6C414F006408BB /* Autolayout01 */,
			);
		};
/* End PBXProject section */

/* Begin PBXResourcesBuildPhase section */
		5432BB3F1D6C414F006408BB /* Resources */ = {
			isa = PBXResourcesBuildPhase;
			buildActionMask = 2147483647;
			files = (
				5432BB541D6C414F006408BB /* LaunchScreen.storyboard in Resources */,
				5432BB511D6C414F006408BB /* Assets.xcassets in Resources */,
				5432BB4F1D6C414F006408BB /* Main.storyboard in Resources */,
			);
			runOnlyForDeploymentPostprocessing = 0;
		};
/* End PBXResourcesBuildPhase section */

/* Begin PBXSourcesBuildPhase section */
		5432BB3D1D6C414F006408BB /* Sources */ = {
			isa = PBXSourcesBuildPhase;
			buildActionMask = 2147483647;
			files = (
				5432BB4C1D6C414F006408BB /* ViewController.m in Sources */,
				5432BB491D6C414F006408BB /* AppDelegate.m in Sources */,
				5432BB461D6C414F006408BB /* main.m in Sources */,
			);
			runOnlyForDeploymentPostprocessing = 0;
		};
/* End PBXSourcesBuildPhase section */

/* Begin PBXVariantGroup section */
		5432BB4D1D6C414F006408BB /* Main.storyboard */ = {
			isa = PBXVariantGroup;
			children = (
				5432BB4E1D6C414F006408BB /* Base */,
			);
			name = Main.storyboard;
			sourceTree = "<group>";
		};
		5432BB521D6C414F006408BB /* LaunchScreen.storyboard */ = {
			isa = PBXVariantGroup;
			children = (
				5432BB531D6C414F006408BB /* Base */,
			);
			name = LaunchScreen.storyboard;
			sourceTree = "<group>";
		};
/* End PBXVariantGroup section */

/* Begin XCBuildConfiguration section */
		5432BB561D6C414F006408BB /* Debug */ = {
			isa = XCBuildConfiguration;
			buildSettings = {
				ALWAYS_SEARCH_USER_PATHS = NO;
				CLANG_CXX_LANGUAGE_STANDARD = "gnu++0x";
				CLANG_CXX_LIBRARY = "libc++";
				CLANG_ENABLE_MODULES = YES;
				CLANG_ENABLE_OBJC_ARC = YES;
				CLANG_WARN_BOOL_CONVERSION = YES;
				CLANG_WARN_CONSTANT_CONVERSION = YES;
				CLANG_WARN_DIRECT_OBJC_ISA_USAGE = YES_ERROR;
				CLANG_WARN_EMPTY_BODY = YES;
				CLANG_WARN_ENUM_CONVERSION = YES;
				CLANG_WARN_INT_CONVERSION = YES;
				CLANG_WARN_OBJC_ROOT_CLASS = YES_ERROR;
				CLANG_WARN_UNREACHABLE_CODE = YES;
				CLANG_WARN__DUPLICATE_METHOD_MATCH = YES;
				"CODE_SIGN_IDENTITY[sdk=iphoneos*]" = "iPhone Developer";
				COPY_PHASE_STRIP = NO;
				DEBUG_INFORMATION_FORMAT = dwarf;
				ENABLE_STRICT_OBJC_MSGSEND = YES;
				ENABLE_TESTABILITY = YES;
				GCC_C_LANGUAGE_STANDARD = gnu99;
				GCC_DYNAMIC_NO_PIC = NO;
				GCC_NO_COMMON_BLOCKS = YES;
				GCC_OPTIMIZATION_LEVEL = 0;
				GCC_PREPROCESSOR_DEFINITIONS = (
					"DEBUG=1",
					"$(inherited)",
				);
				GCC_WARN_64_TO_32_BIT_CONVERSION = YES;
				GCC_WARN_ABOUT_RETURN_TYPE = YES_ERROR;
				GCC_WARN_UNDECLARED_SELECTOR = YES;
				GCC_WARN_UNINITIALIZED_AUTOS = YES_AGGRESSIVE;
				GCC_WARN_UNUSED_FUNCTION = YES;
				GCC_WARN_UNUSED_VARIABLE = YES;
				IPHONEOS_DEPLOYMENT_TARGET = 9.1;
				MTL_ENABLE_DEBUG_INFO = YES;
				ONLY_ACTIVE_ARCH = YES;
				SDKROOT = iphoneos;
			};
			name = Debug;
		};
		5432BB571D6C414F006408BB /* Release */ = {
			isa = XCBuildConfiguration;
			buildSettings = {
				ALWAYS_SEARCH_USER_PATHS = NO;
				CLANG_CXX_LANGUAGE_STANDARD = "gnu++0x";
				CLANG_CXX_LIBRARY = "libc++";
				CLANG_ENABLE_MODULES = YES;
				CLANG_ENABLE_OBJC_ARC = YES;
				CLANG_WARN_BOOL_CONVERSION = YES;
				CLANG_WARN_CONSTANT_CONVERSION = YES;
				CLANG_WARN_DIRECT_OBJC_ISA_USAGE = YES_ERROR;
				CLANG_WARN_EMPTY_BODY = YES;
				CLANG_WARN_ENUM_CONVERSION = YES;
				CLANG_WARN_INT_CONVERSION = YES;
				CLANG_WARN_OBJC_ROOT_CLASS = YES_ERROR;
				CLANG_WARN_UNREACHABLE_CODE = YES;
				CLANG_WARN__DUPLICATE_METHOD_MATCH = YES;
				"CODE_SIGN_IDENTITY[sdk=iphoneos*]" = "iPhone Developer";
				COPY_PHASE_STRIP = NO;
				DEBUG_INFORMATION_FORMAT = "dwarf-with-dsym";
				ENABLE_NS_ASSERTIONS = NO;
				ENABLE_STRICT_OBJC_MSGSEND = YES;
				GCC_C_LANGUAGE_STANDARD = gnu99;
				GCC_NO_COMMON_BLOCKS = YES;
				GCC_WARN_64_TO_32_BIT_CONVERSION = YES;
				GCC_WARN_ABOUT_RETURN_TYPE = YES_ERROR;
				GCC_WARN_UNDECLARED_SELECTOR = YES;
				GCC_WARN_UNINITIALIZED_AUTOS = YES_AGGRESSIVE;
				GCC_WARN_UNUSED_FUNCTION = YES;
				GCC_WARN_UNUSED_VARIABLE = YES;
				IPHONEOS_DEPLOYMENT_TARGET = 9.1;
				MTL_ENABLE_DEBUG_INFO = NO;
				SDKROOT = iphoneos;
				VALIDATE_PRODUCT = YES;
			};
			name = Release;
		};
		5432BB591D6C414F006408BB /* Debug */ = {
			isa = XCBuildConfiguration;
			buildSettings = {
				ASSETCATALOG_COMPILER_APPICON_NAME = AppIcon;
				INFOPLIST_FILE = Autolayout01/Info.plist;
				LD_RUNPATH_SEARCH_PATHS = "$(inherited) @executable_path/Frameworks";
				PRODUCT_BUNDLE_IDENTIFIER = nguyenmach.com.Autolayout01;
				PRODUCT_NAME = "$(TARGET_NAME)";
			};
			name = Debug;
		};
		5432BB5A1D6C414F006408BB /* Release */ = {
			isa = XCBuildConfiguration;
			buildSettings = {
				ASSETCATALOG_COMPILER_APPICON_NAME = AppIcon;
				INFOPLIST_FILE = Autolayout01/Info.plist;
				LD_RUNPATH_SEARCH_PATHS = "$(inherited) @executable_path/Frameworks";
				PRODUCT_BUNDLE_IDENTIFIER = nguyenmach.com.Autolayout01;
				PRODUCT_NAME = "$(TARGET_NAME)";
			};
			name = Release;
		};
/* End XCBuildConfiguration section */

/* Begin XCConfigurationList section */
		5432BB3C1D6C414F006408BB /* Build configuration list for PBXProject "Autolayout01" */ = {
			isa = XCConfigurationList;
			buildConfigurations = (
				5432BB561D6C414F006408BB /* Debug */,
				5432BB571D6C414F006408BB /* Release */,
			);
			defaultConfigurationIsVisible = 0;
			defaultConfigurationName = Release;
		};
		5432BB581D6C414F006408BB /* Build configuration list for PBXNativeTarget "Autolayout01" */ = {
			isa = XCConfigurationList;
			buildConfigurations = (
				5432BB591D6C414F006408BB /* Debug */,
				5432BB5A1D6C414F006408BB /* Release */,
			);
			defaultConfigurationIsVisible = 0;
		};
/* End XCConfigurationList section */
	};
	rootObject = 5432BB391D6C414F006408BB /* Project object */;
}
