// !$*UTF8*$!
{
	archiveVersion = 1;
	classes = {
	};
	objectVersion = 46;
	objects = {

/* Begin PBXBuildFile section */
		4110E8E81D6C409D00FCDEEA /* main.m in Sources */ = {isa = PBXBuildFile; fileRef = 4110E8E71D6C409D00FCDEEA /* main.m */; };
		4110E8EB1D6C409D00FCDEEA /* AppDelegate.m in Sources */ = {isa = PBXBuildFile; fileRef = 4110E8EA1D6C409D00FCDEEA /* AppDelegate.m */; };
		4110E8EE1D6C409D00FCDEEA /* ViewController.m in Sources */ = {isa = PBXBuildFile; fileRef = 4110E8ED1D6C409D00FCDEEA /* ViewController.m */; };
		4110E8F11D6C409D00FCDEEA /* Main.storyboard in Resources */ = {isa = PBXBuildFile; fileRef = 4110E8EF1D6C409D00FCDEEA /* Main.storyboard */; };
		4110E8F31D6C409D00FCDEEA /* Assets.xcassets in Resources */ = {isa = PBXBuildFile; fileRef = 4110E8F21D6C409D00FCDEEA /* Assets.xcassets */; };
		4110E8F61D6C409D00FCDEEA /* LaunchScreen.storyboard in Resources */ = {isa = PBXBuildFile; fileRef = 4110E8F41D6C409D00FCDEEA /* LaunchScreen.storyboard */; };
		4110E9011D6C409D00FCDEEA /* autolayout2ButtonTests.m in Sources */ = {isa = PBXBuildFile; fileRef = 4110E9001D6C409D00FCDEEA /* autolayout2ButtonTests.m */; };
		4110E90C1D6C409D00FCDEEA /* autolayout2ButtonUITests.m in Sources */ = {isa = PBXBuildFile; fileRef = 4110E90B1D6C409D00FCDEEA /* autolayout2ButtonUITests.m */; };
		4110E91B1D6C420600FCDEEA /* ContrainByCodeVC.m in Sources */ = {isa = PBXBuildFile; fileRef = 4110E91A1D6C420600FCDEEA /* ContrainByCodeVC.m */; };
/* End PBXBuildFile section */

/* Begin PBXContainerItemProxy section */
		4110E8FD1D6C409D00FCDEEA /* PBXContainerItemProxy */ = {
			isa = PBXContainerItemProxy;
			containerPortal = 4110E8DB1D6C409D00FCDEEA /* Project object */;
			proxyType = 1;
			remoteGlobalIDString = 4110E8E21D6C409D00FCDEEA;
			remoteInfo = autolayout2Button;
		};
		4110E9081D6C409D00FCDEEA /* PBXContainerItemProxy */ = {
			isa = PBXContainerItemProxy;
			containerPortal = 4110E8DB1D6C409D00FCDEEA /* Project object */;
			proxyType = 1;
			remoteGlobalIDString = 4110E8E21D6C409D00FCDEEA;
			remoteInfo = autolayout2Button;
		};
/* End PBXContainerItemProxy section */

/* Begin PBXFileReference section */
		4110E8E31D6C409D00FCDEEA /* autolayout2Button.app */ = {isa = PBXFileReference; explicitFileType = wrapper.application; includeInIndex = 0; path = autolayout2Button.app; sourceTree = BUILT_PRODUCTS_DIR; };
		4110E8E71D6C409D00FCDEEA /* main.m */ = {isa = PBXFileReference; lastKnownFileType = sourcecode.c.objc; path = main.m; sourceTree = "<group>"; };
		4110E8E91D6C409D00FCDEEA /* AppDelegate.h */ = {isa = PBXFileReference; lastKnownFileType = sourcecode.c.h; path = AppDelegate.h; sourceTree = "<group>"; };
		4110E8EA1D6C409D00FCDEEA /* AppDelegate.m */ = {isa = PBXFileReference; lastKnownFileType = sourcecode.c.objc; path = AppDelegate.m; sourceTree = "<group>"; };
		4110E8EC1D6C409D00FCDEEA /* ViewController.h */ = {isa = PBXFileReference; lastKnownFileType = sourcecode.c.h; path = ViewController.h; sourceTree = "<group>"; };
		4110E8ED1D6C409D00FCDEEA /* ViewController.m */ = {isa = PBXFileReference; lastKnownFileType = sourcecode.c.objc; path = ViewController.m; sourceTree = "<group>"; };
		4110E8F01D6C409D00FCDEEA /* Base */ = {isa = PBXFileReference; lastKnownFileType = file.storyboard; name = Base; path = Base.lproj/Main.storyboard; sourceTree = "<group>"; };
		4110E8F21D6C409D00FCDEEA /* Assets.xcassets */ = {isa = PBXFileReference; lastKnownFileType = folder.assetcatalog; path = Assets.xcassets; sourceTree = "<group>"; };
		4110E8F51D6C409D00FCDEEA /* Base */ = {isa = PBXFileReference; lastKnownFileType = file.storyboard; name = Base; path = Base.lproj/LaunchScreen.storyboard; sourceTree = "<group>"; };
		4110E8F71D6C409D00FCDEEA /* Info.plist */ = {isa = PBXFileReference; lastKnownFileType = text.plist.xml; path = Info.plist; sourceTree = "<group>"; };
		4110E8FC1D6C409D00FCDEEA /* autolayout2ButtonTests.xctest */ = {isa = PBXFileReference; explicitFileType = wrapper.cfbundle; includeInIndex = 0; path = autolayout2ButtonTests.xctest; sourceTree = BUILT_PRODUCTS_DIR; };
		4110E9001D6C409D00FCDEEA /* autolayout2ButtonTests.m */ = {isa = PBXFileReference; lastKnownFileType = sourcecode.c.objc; path = autolayout2ButtonTests.m; sourceTree = "<group>"; };
		4110E9021D6C409D00FCDEEA /* Info.plist */ = {isa = PBXFileReference; lastKnownFileType = text.plist.xml; path = Info.plist; sourceTree = "<group>"; };
		4110E9071D6C409D00FCDEEA /* autolayout2ButtonUITests.xctest */ = {isa = PBXFileReference; explicitFileType = wrapper.cfbundle; includeInIndex = 0; path = autolayout2ButtonUITests.xctest; sourceTree = BUILT_PRODUCTS_DIR; };
		4110E90B1D6C409D00FCDEEA /* autolayout2ButtonUITests.m */ = {isa = PBXFileReference; lastKnownFileType = sourcecode.c.objc; path = autolayout2ButtonUITests.m; sourceTree = "<group>"; };
		4110E90D1D6C409D00FCDEEA /* Info.plist */ = {isa = PBXFileReference; lastKnownFileType = text.plist.xml; path = Info.plist; sourceTree = "<group>"; };
		4110E9191D6C420600FCDEEA /* ContrainByCodeVC.h */ = {isa = PBXFileReference; fileEncoding = 4; lastKnownFileType = sourcecode.c.h; path = ContrainByCodeVC.h; sourceTree = "<group>"; };
		4110E91A1D6C420600FCDEEA /* ContrainByCodeVC.m */ = {isa = PBXFileReference; fileEncoding = 4; lastKnownFileType = sourcecode.c.objc; path = ContrainByCodeVC.m; sourceTree = "<group>"; };
/* End PBXFileReference section */

/* Begin PBXFrameworksBuildPhase section */
		4110E8E01D6C409D00FCDEEA /* Frameworks */ = {
			isa = PBXFrameworksBuildPhase;
			buildActionMask = 2147483647;
			files = (
			);
			runOnlyForDeploymentPostprocessing = 0;
		};
		4110E8F91D6C409D00FCDEEA /* Frameworks */ = {
			isa = PBXFrameworksBuildPhase;
			buildActionMask = 2147483647;
			files = (
			);
			runOnlyForDeploymentPostprocessing = 0;
		};
		4110E9041D6C409D00FCDEEA /* Frameworks */ = {
			isa = PBXFrameworksBuildPhase;
			buildActionMask = 2147483647;
			files = (
			);
			runOnlyForDeploymentPostprocessing = 0;
		};
/* End PBXFrameworksBuildPhase section */

/* Begin PBXGroup section */
		4110E8DA1D6C409D00FCDEEA = {
			isa = PBXGroup;
			children = (
				4110E8E51D6C409D00FCDEEA /* autolayout2Button */,
				4110E8FF1D6C409D00FCDEEA /* autolayout2ButtonTests */,
				4110E90A1D6C409D00FCDEEA /* autolayout2ButtonUITests */,
				4110E8E41D6C409D00FCDEEA /* Products */,
			);
			sourceTree = "<group>";
		};
		4110E8E41D6C409D00FCDEEA /* Products */ = {
			isa = PBXGroup;
			children = (
				4110E8E31D6C409D00FCDEEA /* autolayout2Button.app */,
				4110E8FC1D6C409D00FCDEEA /* autolayout2ButtonTests.xctest */,
				4110E9071D6C409D00FCDEEA /* autolayout2ButtonUITests.xctest */,
			);
			name = Products;
			sourceTree = "<group>";
		};
		4110E8E51D6C409D00FCDEEA /* autolayout2Button */ = {
			isa = PBXGroup;
			children = (
				4110E8E91D6C409D00FCDEEA /* AppDelegate.h */,
				4110E8EA1D6C409D00FCDEEA /* AppDelegate.m */,
				4110E8EC1D6C409D00FCDEEA /* ViewController.h */,
				4110E8ED1D6C409D00FCDEEA /* ViewController.m */,
				4110E9191D6C420600FCDEEA /* ContrainByCodeVC.h */,
				4110E91A1D6C420600FCDEEA /* ContrainByCodeVC.m */,
				4110E8EF1D6C409D00FCDEEA /* Main.storyboard */,
				4110E8F21D6C409D00FCDEEA /* Assets.xcassets */,
				4110E8F41D6C409D00FCDEEA /* LaunchScreen.storyboard */,
				4110E8F71D6C409D00FCDEEA /* Info.plist */,
				4110E8E61D6C409D00FCDEEA /* Supporting Files */,
			);
			path = autolayout2Button;
			sourceTree = "<group>";
		};
		4110E8E61D6C409D00FCDEEA /* Supporting Files */ = {
			isa = PBXGroup;
			children = (
				4110E8E71D6C409D00FCDEEA /* main.m */,
			);
			name = "Supporting Files";
			sourceTree = "<group>";
		};
		4110E8FF1D6C409D00FCDEEA /* autolayout2ButtonTests */ = {
			isa = PBXGroup;
			children = (
				4110E9001D6C409D00FCDEEA /* autolayout2ButtonTests.m */,
				4110E9021D6C409D00FCDEEA /* Info.plist */,
			);
			path = autolayout2ButtonTests;
			sourceTree = "<group>";
		};
		4110E90A1D6C409D00FCDEEA /* autolayout2ButtonUITests */ = {
			isa = PBXGroup;
			children = (
				4110E90B1D6C409D00FCDEEA /* autolayout2ButtonUITests.m */,
				4110E90D1D6C409D00FCDEEA /* Info.plist */,
			);
			path = autolayout2ButtonUITests;
			sourceTree = "<group>";
		};
/* End PBXGroup section */

/* Begin PBXNativeTarget section */
		4110E8E21D6C409D00FCDEEA /* autolayout2Button */ = {
			isa = PBXNativeTarget;
			buildConfigurationList = 4110E9101D6C409D00FCDEEA /* Build configuration list for PBXNativeTarget "autolayout2Button" */;
			buildPhases = (
				4110E8DF1D6C409D00FCDEEA /* Sources */,
				4110E8E01D6C409D00FCDEEA /* Frameworks */,
				4110E8E11D6C409D00FCDEEA /* Resources */,
			);
			buildRules = (
			);
			dependencies = (
			);
			name = autolayout2Button;
			productName = autolayout2Button;
			productReference = 4110E8E31D6C409D00FCDEEA /* autolayout2Button.app */;
			productType = "com.apple.product-type.application";
		};
		4110E8FB1D6C409D00FCDEEA /* autolayout2ButtonTests */ = {
			isa = PBXNativeTarget;
			buildConfigurationList = 4110E9131D6C409D00FCDEEA /* Build configuration list for PBXNativeTarget "autolayout2ButtonTests" */;
			buildPhases = (
				4110E8F81D6C409D00FCDEEA /* Sources */,
				4110E8F91D6C409D00FCDEEA /* Frameworks */,
				4110E8FA1D6C409D00FCDEEA /* Resources */,
			);
			buildRules = (
			);
			dependencies = (
				4110E8FE1D6C409D00FCDEEA /* PBXTargetDependency */,
			);
			name = autolayout2ButtonTests;
			productName = autolayout2ButtonTests;
			productReference = 4110E8FC1D6C409D00FCDEEA /* autolayout2ButtonTests.xctest */;
			productType = "com.apple.product-type.bundle.unit-test";
		};
		4110E9061D6C409D00FCDEEA /* autolayout2ButtonUITests */ = {
			isa = PBXNativeTarget;
			buildConfigurationList = 4110E9161D6C409D00FCDEEA /* Build configuration list for PBXNativeTarget "autolayout2ButtonUITests" */;
			buildPhases = (
				4110E9031D6C409D00FCDEEA /* Sources */,
				4110E9041D6C409D00FCDEEA /* Frameworks */,
				4110E9051D6C409D00FCDEEA /* Resources */,
			);
			buildRules = (
			);
			dependencies = (
				4110E9091D6C409D00FCDEEA /* PBXTargetDependency */,
			);
			name = autolayout2ButtonUITests;
			productName = autolayout2ButtonUITests;
			productReference = 4110E9071D6C409D00FCDEEA /* autolayout2ButtonUITests.xctest */;
			productType = "com.apple.product-type.bundle.ui-testing";
		};
/* End PBXNativeTarget section */

/* Begin PBXProject section */
		4110E8DB1D6C409D00FCDEEA /* Project object */ = {
			isa = PBXProject;
			attributes = {
				LastUpgradeCheck = 0730;
				ORGANIZATIONNAME = "Kai Hackintosh";
				TargetAttributes = {
					4110E8E21D6C409D00FCDEEA = {
						CreatedOnToolsVersion = 7.3.1;
					};
					4110E8FB1D6C409D00FCDEEA = {
						CreatedOnToolsVersion = 7.3.1;
						TestTargetID = 4110E8E21D6C409D00FCDEEA;
					};
					4110E9061D6C409D00FCDEEA = {
						CreatedOnToolsVersion = 7.3.1;
						TestTargetID = 4110E8E21D6C409D00FCDEEA;
					};
				};
			};
			buildConfigurationList = 4110E8DE1D6C409D00FCDEEA /* Build configuration list for PBXProject "autolayout2Button" */;
			compatibilityVersion = "Xcode 3.2";
			developmentRegion = English;
			hasScannedForEncodings = 0;
			knownRegions = (
				en,
				Base,
			);
			mainGroup = 4110E8DA1D6C409D00FCDEEA;
			productRefGroup = 4110E8E41D6C409D00FCDEEA /* Products */;
			projectDirPath = "";
			projectRoot = "";
			targets = (
				4110E8E21D6C409D00FCDEEA /* autolayout2Button */,
				4110E8FB1D6C409D00FCDEEA /* autolayout2ButtonTests */,
				4110E9061D6C409D00FCDEEA /* autolayout2ButtonUITests */,
			);
		};
/* End PBXProject section */

/* Begin PBXResourcesBuildPhase section */
		4110E8E11D6C409D00FCDEEA /* Resources */ = {
			isa = PBXResourcesBuildPhase;
			buildActionMask = 2147483647;
			files = (
				4110E8F61D6C409D00FCDEEA /* LaunchScreen.storyboard in Resources */,
				4110E8F31D6C409D00FCDEEA /* Assets.xcassets in Resources */,
				4110E8F11D6C409D00FCDEEA /* Main.storyboard in Resources */,
			);
			runOnlyForDeploymentPostprocessing = 0;
		};
		4110E8FA1D6C409D00FCDEEA /* Resources */ = {
			isa = PBXResourcesBuildPhase;
			buildActionMask = 2147483647;
			files = (
			);
			runOnlyForDeploymentPostprocessing = 0;
		};
		4110E9051D6C409D00FCDEEA /* Resources */ = {
			isa = PBXResourcesBuildPhase;
			buildActionMask = 2147483647;
			files = (
			);
			runOnlyForDeploymentPostprocessing = 0;
		};
/* End PBXResourcesBuildPhase section */

/* Begin PBXSourcesBuildPhase section */
		4110E8DF1D6C409D00FCDEEA /* Sources */ = {
			isa = PBXSourcesBuildPhase;
			buildActionMask = 2147483647;
			files = (
				4110E8EE1D6C409D00FCDEEA /* ViewController.m in Sources */,
				4110E8EB1D6C409D00FCDEEA /* AppDelegate.m in Sources */,
				4110E91B1D6C420600FCDEEA /* ContrainByCodeVC.m in Sources */,
				4110E8E81D6C409D00FCDEEA /* main.m in Sources */,
			);
			runOnlyForDeploymentPostprocessing = 0;
		};
		4110E8F81D6C409D00FCDEEA /* Sources */ = {
			isa = PBXSourcesBuildPhase;
			buildActionMask = 2147483647;
			files = (
				4110E9011D6C409D00FCDEEA /* autolayout2ButtonTests.m in Sources */,
			);
			runOnlyForDeploymentPostprocessing = 0;
		};
		4110E9031D6C409D00FCDEEA /* Sources */ = {
			isa = PBXSourcesBuildPhase;
			buildActionMask = 2147483647;
			files = (
				4110E90C1D6C409D00FCDEEA /* autolayout2ButtonUITests.m in Sources */,
			);
			runOnlyForDeploymentPostprocessing = 0;
		};
/* End PBXSourcesBuildPhase section */

/* Begin PBXTargetDependency section */
		4110E8FE1D6C409D00FCDEEA /* PBXTargetDependency */ = {
			isa = PBXTargetDependency;
			target = 4110E8E21D6C409D00FCDEEA /* autolayout2Button */;
			targetProxy = 4110E8FD1D6C409D00FCDEEA /* PBXContainerItemProxy */;
		};
		4110E9091D6C409D00FCDEEA /* PBXTargetDependency */ = {
			isa = PBXTargetDependency;
			target = 4110E8E21D6C409D00FCDEEA /* autolayout2Button */;
			targetProxy = 4110E9081D6C409D00FCDEEA /* PBXContainerItemProxy */;
		};
/* End PBXTargetDependency section */

/* Begin PBXVariantGroup section */
		4110E8EF1D6C409D00FCDEEA /* Main.storyboard */ = {
			isa = PBXVariantGroup;
			children = (
				4110E8F01D6C409D00FCDEEA /* Base */,
			);
			name = Main.storyboard;
			sourceTree = "<group>";
		};
		4110E8F41D6C409D00FCDEEA /* LaunchScreen.storyboard */ = {
			isa = PBXVariantGroup;
			children = (
				4110E8F51D6C409D00FCDEEA /* Base */,
			);
			name = LaunchScreen.storyboard;
			sourceTree = "<group>";
		};
/* End PBXVariantGroup section */

/* Begin XCBuildConfiguration section */
		4110E90E1D6C409D00FCDEEA /* Debug */ = {
			isa = XCBuildConfiguration;
			buildSettings = {
				ALWAYS_SEARCH_USER_PATHS = NO;
				CLANG_ANALYZER_NONNULL = YES;
				CLANG_CXX_LANGUAGE_STANDARD = "gnu++0x";
				CLANG_CXX_LIBRARY = "libc++";
				CLANG_ENABLE_MODULES = YES;
				CLANG_ENABLE_OBJC_ARC = YES;
				CLANG_WARN_BOOL_CONVERSION = YES;
				CLANG_WARN_CONSTANT_CONVERSION = YES;
				CLANG_WARN_DIRECT_OBJC_ISA_USAGE = YES_ERROR;
				CLANG_WARN_EMPTY_BODY = YES;
				CLANG_WARN_ENUM_CONVERSION = YES;
				CLANG_WARN_INT_CONVERSION = YES;
				CLANG_WARN_OBJC_ROOT_CLASS = YES_ERROR;
				CLANG_WARN_UNREACHABLE_CODE = YES;
				CLANG_WARN__DUPLICATE_METHOD_MATCH = YES;
				"CODE_SIGN_IDENTITY[sdk=iphoneos*]" = "iPhone Developer";
				COPY_PHASE_STRIP = NO;
				DEBUG_INFORMATION_FORMAT = dwarf;
				ENABLE_STRICT_OBJC_MSGSEND = YES;
				ENABLE_TESTABILITY = YES;
				GCC_C_LANGUAGE_STANDARD = gnu99;
				GCC_DYNAMIC_NO_PIC = NO;
				GCC_NO_COMMON_BLOCKS = YES;
				GCC_OPTIMIZATION_LEVEL = 0;
				GCC_PREPROCESSOR_DEFINITIONS = (
					"DEBUG=1",
					"$(inherited)",
				);
				GCC_WARN_64_TO_32_BIT_CONVERSION = YES;
				GCC_WARN_ABOUT_RETURN_TYPE = YES_ERROR;
				GCC_WARN_UNDECLARED_SELECTOR = YES;
				GCC_WARN_UNINITIALIZED_AUTOS = YES_AGGRESSIVE;
				GCC_WARN_UNUSED_FUNCTION = YES;
				GCC_WARN_UNUSED_VARIABLE = YES;
				IPHONEOS_DEPLOYMENT_TARGET = 9.3;
				MTL_ENABLE_DEBUG_INFO = YES;
				ONLY_ACTIVE_ARCH = YES;
				SDKROOT = iphoneos;
				TARGETED_DEVICE_FAMILY = "1,2";
			};
			name = Debug;
		};
		4110E90F1D6C409D00FCDEEA /* Release */ = {
			isa = XCBuildConfiguration;
			buildSettings = {
				ALWAYS_SEARCH_USER_PATHS = NO;
				CLANG_ANALYZER_NONNULL = YES;
				CLANG_CXX_LANGUAGE_STANDARD = "gnu++0x";
				CLANG_CXX_LIBRARY = "libc++";
				CLANG_ENABLE_MODULES = YES;
				CLANG_ENABLE_OBJC_ARC = YES;
				CLANG_WARN_BOOL_CONVERSION = YES;
				CLANG_WARN_CONSTANT_CONVERSION = YES;
				CLANG_WARN_DIRECT_OBJC_ISA_USAGE = YES_ERROR;
				CLANG_WARN_EMPTY_BODY = YES;
				CLANG_WARN_ENUM_CONVERSION = YES;
				CLANG_WARN_INT_CONVERSION = YES;
				CLANG_WARN_OBJC_ROOT_CLASS = YES_ERROR;
				CLANG_WARN_UNREACHABLE_CODE = YES;
				CLANG_WARN__DUPLICATE_METHOD_MATCH = YES;
				"CODE_SIGN_IDENTITY[sdk=iphoneos*]" = "iPhone Developer";
				COPY_PHASE_STRIP = NO;
				DEBUG_INFORMATION_FORMAT = "dwarf-with-dsym";
				ENABLE_NS_ASSERTIONS = NO;
				ENABLE_STRICT_OBJC_MSGSEND = YES;
				GCC_C_LANGUAGE_STANDARD = gnu99;
				GCC_NO_COMMON_BLOCKS = YES;
				GCC_WARN_64_TO_32_BIT_CONVERSION = YES;
				GCC_WARN_ABOUT_RETURN_TYPE = YES_ERROR;
				GCC_WARN_UNDECLARED_SELECTOR = YES;
				GCC_WARN_UNINITIALIZED_AUTOS = YES_AGGRESSIVE;
				GCC_WARN_UNUSED_FUNCTION = YES;
				GCC_WARN_UNUSED_VARIABLE = YES;
				IPHONEOS_DEPLOYMENT_TARGET = 9.3;
				MTL_ENABLE_DEBUG_INFO = NO;
				SDKROOT = iphoneos;
				TARGETED_DEVICE_FAMILY = "1,2";
				VALIDATE_PRODUCT = YES;
			};
			name = Release;
		};
		4110E9111D6C409D00FCDEEA /* Debug */ = {
			isa = XCBuildConfiguration;
			buildSettings = {
				ASSETCATALOG_COMPILER_APPICON_NAME = AppIcon;
				INFOPLIST_FILE = autolayout2Button/Info.plist;
				IPHONEOS_DEPLOYMENT_TARGET = 7.0;
				LD_RUNPATH_SEARCH_PATHS = "$(inherited) @executable_path/Frameworks";
				PRODUCT_BUNDLE_IDENTIFIER = com.kai.horical.autolayout2Button;
				PRODUCT_NAME = "$(TARGET_NAME)";
			};
			name = Debug;
		};
		4110E9121D6C409D00FCDEEA /* Release */ = {
			isa = XCBuildConfiguration;
			buildSettings = {
				ASSETCATALOG_COMPILER_APPICON_NAME = AppIcon;
				INFOPLIST_FILE = autolayout2Button/Info.plist;
				IPHONEOS_DEPLOYMENT_TARGET = 7.0;
				LD_RUNPATH_SEARCH_PATHS = "$(inherited) @executable_path/Frameworks";
				PRODUCT_BUNDLE_IDENTIFIER = com.kai.horical.autolayout2Button;
				PRODUCT_NAME = "$(TARGET_NAME)";
			};
			name = Release;
		};
		4110E9141D6C409D00FCDEEA /* Debug */ = {
			isa = XCBuildConfiguration;
			buildSettings = {
				BUNDLE_LOADER = "$(TEST_HOST)";
				INFOPLIST_FILE = autolayout2ButtonTests/Info.plist;
				LD_RUNPATH_SEARCH_PATHS = "$(inherited) @executable_path/Frameworks @loader_path/Frameworks";
				PRODUCT_BUNDLE_IDENTIFIER = com.kai.horical.autolayout2ButtonTests;
				PRODUCT_NAME = "$(TARGET_NAME)";
				TEST_HOST = "$(BUILT_PRODUCTS_DIR)/autolayout2Button.app/autolayout2Button";
			};
			name = Debug;
		};
		4110E9151D6C409D00FCDEEA /* Release */ = {
			isa = XCBuildConfiguration;
			buildSettings = {
				BUNDLE_LOADER = "$(TEST_HOST)";
				INFOPLIST_FILE = autolayout2ButtonTests/Info.plist;
				LD_RUNPATH_SEARCH_PATHS = "$(inherited) @executable_path/Frameworks @loader_path/Frameworks";
				PRODUCT_BUNDLE_IDENTIFIER = com.kai.horical.autolayout2ButtonTests;
				PRODUCT_NAME = "$(TARGET_NAME)";
				TEST_HOST = "$(BUILT_PRODUCTS_DIR)/autolayout2Button.app/autolayout2Button";
			};
			name = Release;
		};
		4110E9171D6C409D00FCDEEA /* Debug */ = {
			isa = XCBuildConfiguration;
			buildSettings = {
				INFOPLIST_FILE = autolayout2ButtonUITests/Info.plist;
				LD_RUNPATH_SEARCH_PATHS = "$(inherited) @executable_path/Frameworks @loader_path/Frameworks";
				PRODUCT_BUNDLE_IDENTIFIER = com.kai.horical.autolayout2ButtonUITests;
				PRODUCT_NAME = "$(TARGET_NAME)";
				TEST_TARGET_NAME = autolayout2Button;
			};
			name = Debug;
		};
		4110E9181D6C409D00FCDEEA /* Release */ = {
			isa = XCBuildConfiguration;
			buildSettings = {
				INFOPLIST_FILE = autolayout2ButtonUITests/Info.plist;
				LD_RUNPATH_SEARCH_PATHS = "$(inherited) @executable_path/Frameworks @loader_path/Frameworks";
				PRODUCT_BUNDLE_IDENTIFIER = com.kai.horical.autolayout2ButtonUITests;
				PRODUCT_NAME = "$(TARGET_NAME)";
				TEST_TARGET_NAME = autolayout2Button;
			};
			name = Release;
		};
/* End XCBuildConfiguration section */

/* Begin XCConfigurationList section */
		4110E8DE1D6C409D00FCDEEA /* Build configuration list for PBXProject "autolayout2Button" */ = {
			isa = XCConfigurationList;
			buildConfigurations = (
				4110E90E1D6C409D00FCDEEA /* Debug */,
				4110E90F1D6C409D00FCDEEA /* Release */,
			);
			defaultConfigurationIsVisible = 0;
			defaultConfigurationName = Release;
		};
		4110E9101D6C409D00FCDEEA /* Build configuration list for PBXNativeTarget "autolayout2Button" */ = {
			isa = XCConfigurationList;
			buildConfigurations = (
				4110E9111D6C409D00FCDEEA /* Debug */,
				4110E9121D6C409D00FCDEEA /* Release */,
			);
			defaultConfigurationIsVisible = 0;
			defaultConfigurationName = Release;
		};
		4110E9131D6C409D00FCDEEA /* Build configuration list for PBXNativeTarget "autolayout2ButtonTests" */ = {
			isa = XCConfigurationList;
			buildConfigurations = (
				4110E9141D6C409D00FCDEEA /* Debug */,
				4110E9151D6C409D00FCDEEA /* Release */,
			);
			defaultConfigurationIsVisible = 0;
			defaultConfigurationName = Release;
		};
		4110E9161D6C409D00FCDEEA /* Build configuration list for PBXNativeTarget "autolayout2ButtonUITests" */ = {
			isa = XCConfigurationList;
			buildConfigurations = (
				4110E9171D6C409D00FCDEEA /* Debug */,
				4110E9181D6C409D00FCDEEA /* Release */,
			);
			defaultConfigurationIsVisible = 0;
			defaultConfigurationName = Release;
		};
/* End XCConfigurationList section */
	};
	rootObject = 4110E8DB1D6C409D00FCDEEA /* Project object */;
}
